
Microsoft Visual Studio Solution File, Format Version 12.00
# Visual Studio Version 17
VisualStudioVersion = 17.2.32210.308
MinimumVisualStudioVersion = 10.0.40219.1
Project("{FAE04EC0-301F-11D3-BF4B-00C04F79EFBC}") = "Win3mu.UWP", "Win3mu\Win3mu.UWP\Win3mu.UWP.csproj", "{3CBFE364-DB2B-4808-81D4-3B5FD3E09597}"
EndProject
Project("{FAE04EC0-301F-11D3-BF4B-00C04F79EFBC}") = "Win3mu.Android", "Win3mu\Win3mu.Android\Win3mu.Android.csproj", "{5A53F102-2385-409C-934F-9085023A2DF1}"
EndProject
Project("{FAE04EC0-301F-11D3-BF4B-00C04F79EFBC}") = "Win3mu.iOS", "Win3mu\Win3mu.iOS\Win3mu.iOS.csproj", "{94D078FE-F373-475E-A559-9C64E1FAB805}"
EndProject
Project("{9A19103F-16F7-4668-BE54-9A1E7A4F7556}") = "Win3mu", "Win3mu\Win3mu\Win3mu.csproj", "{DBFF8DA7-2040-4E26-A75F-0F0D2D7B0823}"
EndProject
Project("{9A19103F-16F7-4668-BE54-9A1E7A4F7556}") = "ConFrames", "Sharp86\ConFrames\ConFrames\ConFrames.csproj", "{60743A36-DBFF-4D3B-8125-105D8AE9F291}"
EndProject
Project("{9A19103F-16F7-4668-BE54-9A1E7A4F7556}") = "PetaJson", "Sharp86\PetaJson\PetaJson.csproj", "{3AD8AF40-FAB4-4D1C-9057-704AA0EC8C7F}"
EndProject
Project("{9A19103F-16F7-4668-BE54-9A1E7A4F7556}") = "Sharp86TextGuiDebugger", "Sharp86\Sharp86TextGuiDebugger\Sharp86TextGuiDebugger.csproj", "{FE654C8D-0039-4197-A885-3A85BBB2C414}"
EndProject
Project("{9A19103F-16F7-4668-BE54-9A1E7A4F7556}") = "Sharp86DebuggerCore", "Sharp86\Sharp86DebuggerCore\Sharp86DebuggerCore.csproj", "{F3E9B455-EEE1-45BE-8C31-1A0542B186F9}"
EndProject
Project("{9A19103F-16F7-4668-BE54-9A1E7A4F7556}") = "Sharp86", "Sharp86\Sharp86\Sharp86.csproj", "{7D01A787-5F13-4401-AC74-76C95098C5FD}"
EndProject
Project("{9A19103F-16F7-4668-BE54-9A1E7A4F7556}") = "Win3muCore", "Win3muCore\Win3muCore.csproj", "{3F2848CE-E658-436C-AB16-19B29E754211}"
EndProject
Project("{9A19103F-16F7-4668-BE54-9A1E7A4F7556}") = "Win3muRuntime", "Win3muRuntime\Win3muRuntime.csproj", "{E2A00438-B21F-4DB6-A6A1-4884084704F0}"
EndProject
Global
	GlobalSection(SolutionConfigurationPlatforms) = preSolution
		Debug|Any CPU = Debug|Any CPU
		Debug|ARM = Debug|ARM
		Debug|iPhone = Debug|iPhone
		Debug|iPhoneSimulator = Debug|iPhoneSimulator
		Debug|x64 = Debug|x64
		Debug|x86 = Debug|x86
		Release|Any CPU = Release|Any CPU
		Release|ARM = Release|ARM
		Release|iPhone = Release|iPhone
		Release|iPhoneSimulator = Release|iPhoneSimulator
		Release|x64 = Release|x64
		Release|x86 = Release|x86
	EndGlobalSection
	GlobalSection(ProjectConfigurationPlatforms) = postSolution
		{3CBFE364-DB2B-4808-81D4-3B5FD3E09597}.Debug|Any CPU.ActiveCfg = Debug|x64
		{3CBFE364-DB2B-4808-81D4-3B5FD3E09597}.Debug|Any CPU.Build.0 = Debug|x64
		{3CBFE364-DB2B-4808-81D4-3B5FD3E09597}.Debug|Any CPU.Deploy.0 = Debug|x64
		{3CBFE364-DB2B-4808-81D4-3B5FD3E09597}.Debug|ARM.ActiveCfg = Debug|ARM
		{3CBFE364-DB2B-4808-81D4-3B5FD3E09597}.Debug|ARM.Build.0 = Debug|ARM
		{3CBFE364-DB2B-4808-81D4-3B5FD3E09597}.Debug|ARM.Deploy.0 = Debug|ARM
		{3CBFE364-DB2B-4808-81D4-3B5FD3E09597}.Debug|iPhone.ActiveCfg = Debug|x64
		{3CBFE364-DB2B-4808-81D4-3B5FD3E09597}.Debug|iPhone.Build.0 = Debug|x64
		{3CBFE364-DB2B-4808-81D4-3B5FD3E09597}.Debug|iPhone.Deploy.0 = Debug|x64
		{3CBFE364-DB2B-4808-81D4-3B5FD3E09597}.Debug|iPhoneSimulator.ActiveCfg = Debug|x64
		{3CBFE364-DB2B-4808-81D4-3B5FD3E09597}.Debug|iPhoneSimulator.Build.0 = Debug|x64
		{3CBFE364-DB2B-4808-81D4-3B5FD3E09597}.Debug|iPhoneSimulator.Deploy.0 = Debug|x64
		{3CBFE364-DB2B-4808-81D4-3B5FD3E09597}.Debug|x64.ActiveCfg = Debug|x64
		{3CBFE364-DB2B-4808-81D4-3B5FD3E09597}.Debug|x64.Build.0 = Debug|x64
		{3CBFE364-DB2B-4808-81D4-3B5FD3E09597}.Debug|x64.Deploy.0 = Debug|x64
		{3CBFE364-DB2B-4808-81D4-3B5FD3E09597}.Debug|x86.ActiveCfg = Debug|x86
		{3CBFE364-DB2B-4808-81D4-3B5FD3E09597}.Debug|x86.Build.0 = Debug|x86
		{3CBFE364-DB2B-4808-81D4-3B5FD3E09597}.Debug|x86.Deploy.0 = Debug|x86
		{3CBFE364-DB2B-4808-81D4-3B5FD3E09597}.Release|Any CPU.ActiveCfg = Release|x64
		{3CBFE364-DB2B-4808-81D4-3B5FD3E09597}.Release|Any CPU.Build.0 = Release|x64
		{3CBFE364-DB2B-4808-81D4-3B5FD3E09597}.Release|Any CPU.Deploy.0 = Release|x64
		{3CBFE364-DB2B-4808-81D4-3B5FD3E09597}.Release|ARM.ActiveCfg = Release|ARM
		{3CBFE364-DB2B-4808-81D4-3B5FD3E09597}.Release|ARM.Build.0 = Release|ARM
		{3CBFE364-DB2B-4808-81D4-3B5FD3E09597}.Release|ARM.Deploy.0 = Release|ARM
		{3CBFE364-DB2B-4808-81D4-3B5FD3E09597}.Release|iPhone.ActiveCfg = Release|x64
		{3CBFE364-DB2B-4808-81D4-3B5FD3E09597}.Release|iPhone.Build.0 = Release|x64
		{3CBFE364-DB2B-4808-81D4-3B5FD3E09597}.Release|iPhone.Deploy.0 = Release|x64
		{3CBFE364-DB2B-4808-81D4-3B5FD3E09597}.Release|iPhoneSimulator.ActiveCfg = Release|x64
		{3CBFE364-DB2B-4808-81D4-3B5FD3E09597}.Release|iPhoneSimulator.Build.0 = Release|x64
		{3CBFE364-DB2B-4808-81D4-3B5FD3E09597}.Release|iPhoneSimulator.Deploy.0 = Release|x64
		{3CBFE364-DB2B-4808-81D4-3B5FD3E09597}.Release|x64.ActiveCfg = Release|x64
		{3CBFE364-DB2B-4808-81D4-3B5FD3E09597}.Release|x64.Build.0 = Release|x64
		{3CBFE364-DB2B-4808-81D4-3B5FD3E09597}.Release|x64.Deploy.0 = Release|x64
		{3CBFE364-DB2B-4808-81D4-3B5FD3E09597}.Release|x86.ActiveCfg = Release|x86
		{3CBFE364-DB2B-4808-81D4-3B5FD3E09597}.Release|x86.Build.0 = Release|x86
		{3CBFE364-DB2B-4808-81D4-3B5FD3E09597}.Release|x86.Deploy.0 = Release|x86
		{5A53F102-2385-409C-934F-9085023A2DF1}.Debug|Any CPU.ActiveCfg = Debug|Any CPU
		{5A53F102-2385-409C-934F-9085023A2DF1}.Debug|Any CPU.Build.0 = Debug|Any CPU
		{5A53F102-2385-409C-934F-9085023A2DF1}.Debug|Any CPU.Deploy.0 = Debug|Any CPU
		{5A53F102-2385-409C-934F-9085023A2DF1}.Debug|ARM.ActiveCfg = Debug|Any CPU
		{5A53F102-2385-409C-934F-9085023A2DF1}.Debug|ARM.Build.0 = Debug|Any CPU
		{5A53F102-2385-409C-934F-9085023A2DF1}.Debug|ARM.Deploy.0 = Debug|Any CPU
		{5A53F102-2385-409C-934F-9085023A2DF1}.Debug|iPhone.ActiveCfg = Debug|Any CPU
		{5A53F102-2385-409C-934F-9085023A2DF1}.Debug|iPhone.Build.0 = Debug|Any CPU
		{5A53F102-2385-409C-934F-9085023A2DF1}.Debug|iPhone.Deploy.0 = Debug|Any CPU
		{5A53F102-2385-409C-934F-9085023A2DF1}.Debug|iPhoneSimulator.ActiveCfg = Debug|Any CPU
		{5A53F102-2385-409C-934F-9085023A2DF1}.Debug|iPhoneSimulator.Build.0 = Debug|Any CPU
		{5A53F102-2385-409C-934F-9085023A2DF1}.Debug|iPhoneSimulator.Deploy.0 = Debug|Any CPU
		{5A53F102-2385-409C-934F-9085023A2DF1}.Debug|x64.ActiveCfg = Debug|Any CPU
		{5A53F102-2385-409C-934F-9085023A2DF1}.Debug|x64.Build.0 = Debug|Any CPU
		{5A53F102-2385-409C-934F-9085023A2DF1}.Debug|x64.Deploy.0 = Debug|Any CPU
		{5A53F102-2385-409C-934F-9085023A2DF1}.Debug|x86.ActiveCfg = Debug|Any CPU
		{5A53F102-2385-409C-934F-9085023A2DF1}.Debug|x86.Build.0 = Debug|Any CPU
		{5A53F102-2385-409C-934F-9085023A2DF1}.Debug|x86.Deploy.0 = Debug|Any CPU
		{5A53F102-2385-409C-934F-9085023A2DF1}.Release|Any CPU.ActiveCfg = Release|Any CPU
		{5A53F102-2385-409C-934F-9085023A2DF1}.Release|Any CPU.Build.0 = Release|Any CPU
		{5A53F102-2385-409C-934F-9085023A2DF1}.Release|Any CPU.Deploy.0 = Release|Any CPU
		{5A53F102-2385-409C-934F-9085023A2DF1}.Release|ARM.ActiveCfg = Release|Any CPU
		{5A53F102-2385-409C-934F-9085023A2DF1}.Release|ARM.Build.0 = Release|Any CPU
		{5A53F102-2385-409C-934F-9085023A2DF1}.Release|ARM.Deploy.0 = Release|Any CPU
		{5A53F102-2385-409C-934F-9085023A2DF1}.Release|iPhone.ActiveCfg = Release|Any CPU
		{5A53F102-2385-409C-934F-9085023A2DF1}.Release|iPhone.Build.0 = Release|Any CPU
		{5A53F102-2385-409C-934F-9085023A2DF1}.Release|iPhone.Deploy.0 = Release|Any CPU
		{5A53F102-2385-409C-934F-9085023A2DF1}.Release|iPhoneSimulator.ActiveCfg = Release|Any CPU
		{5A53F102-2385-409C-934F-9085023A2DF1}.Release|iPhoneSimulator.Build.0 = Release|Any CPU
		{5A53F102-2385-409C-934F-9085023A2DF1}.Release|iPhoneSimulator.Deploy.0 = Release|Any CPU
		{5A53F102-2385-409C-934F-9085023A2DF1}.Release|x64.ActiveCfg = Release|Any CPU
		{5A53F102-2385-409C-934F-9085023A2DF1}.Release|x64.Build.0 = Release|Any CPU
		{5A53F102-2385-409C-934F-9085023A2DF1}.Release|x64.Deploy.0 = Release|Any CPU
		{5A53F102-2385-409C-934F-9085023A2DF1}.Release|x86.ActiveCfg = Release|Any CPU
		{5A53F102-2385-409C-934F-9085023A2DF1}.Release|x86.Build.0 = Release|Any CPU
		{5A53F102-2385-409C-934F-9085023A2DF1}.Release|x86.Deploy.0 = Release|Any CPU
		{94D078FE-F373-475E-A559-9C64E1FAB805}.Debug|Any CPU.ActiveCfg = Debug|iPhoneSimulator
		{94D078FE-F373-475E-A559-9C64E1FAB805}.Debug|Any CPU.Build.0 = Debug|iPhoneSimulator
		{94D078FE-F373-475E-A559-9C64E1FAB805}.Debug|Any CPU.Deploy.0 = Debug|iPhoneSimulator
		{94D078FE-F373-475E-A559-9C64E1FAB805}.Debug|ARM.ActiveCfg = Debug|iPhoneSimulator
		{94D078FE-F373-475E-A559-9C64E1FAB805}.Debug|ARM.Build.0 = Debug|iPhoneSimulator
		{94D078FE-F373-475E-A559-9C64E1FAB805}.Debug|ARM.Deploy.0 = Debug|iPhoneSimulator
		{94D078FE-F373-475E-A559-9C64E1FAB805}.Debug|iPhone.ActiveCfg = Debug|iPhone
		{94D078FE-F373-475E-A559-9C64E1FAB805}.Debug|iPhone.Build.0 = Debug|iPhone
		{94D078FE-F373-475E-A559-9C64E1FAB805}.Debug|iPhone.Deploy.0 = Debug|iPhone
		{94D078FE-F373-475E-A559-9C64E1FAB805}.Debug|iPhoneSimulator.ActiveCfg = Debug|iPhoneSimulator
		{94D078FE-F373-475E-A559-9C64E1FAB805}.Debug|iPhoneSimulator.Build.0 = Debug|iPhoneSimulator
		{94D078FE-F373-475E-A559-9C64E1FAB805}.Debug|iPhoneSimulator.Deploy.0 = Debug|iPhoneSimulator
		{94D078FE-F373-475E-A559-9C64E1FAB805}.Debug|x64.ActiveCfg = Debug|iPhone
		{94D078FE-F373-475E-A559-9C64E1FAB805}.Debug|x64.Build.0 = Debug|iPhone
		{94D078FE-F373-475E-A559-9C64E1FAB805}.Debug|x64.Deploy.0 = Debug|iPhone
		{94D078FE-F373-475E-A559-9C64E1FAB805}.Debug|x86.ActiveCfg = Debug|iPhoneSimulator
		{94D078FE-F373-475E-A559-9C64E1FAB805}.Debug|x86.Build.0 = Debug|iPhoneSimulator
		{94D078FE-F373-475E-A559-9C64E1FAB805}.Debug|x86.Deploy.0 = Debug|iPhoneSimulator
		{94D078FE-F373-475E-A559-9C64E1FAB805}.Release|Any CPU.ActiveCfg = Release|iPhoneSimulator
		{94D078FE-F373-475E-A559-9C64E1FAB805}.Release|Any CPU.Build.0 = Release|iPhoneSimulator
		{94D078FE-F373-475E-A559-9C64E1FAB805}.Release|Any CPU.Deploy.0 = Release|iPhoneSimulator
		{94D078FE-F373-475E-A559-9C64E1FAB805}.Release|ARM.ActiveCfg = Release|iPhoneSimulator
		{94D078FE-F373-475E-A559-9C64E1FAB805}.Release|ARM.Build.0 = Release|iPhoneSimulator
		{94D078FE-F373-475E-A559-9C64E1FAB805}.Release|ARM.Deploy.0 = Release|iPhoneSimulator
		{94D078FE-F373-475E-A559-9C64E1FAB805}.Release|iPhone.ActiveCfg = Release|iPhone
		{94D078FE-F373-475E-A559-9C64E1FAB805}.Release|iPhone.Build.0 = Release|iPhone
		{94D078FE-F373-475E-A559-9C64E1FAB805}.Release|iPhone.Deploy.0 = Release|iPhone
		{94D078FE-F373-475E-A559-9C64E1FAB805}.Release|iPhoneSimulator.ActiveCfg = Release|iPhoneSimulator
		{94D078FE-F373-475E-A559-9C64E1FAB805}.Release|iPhoneSimulator.Build.0 = Release|iPhoneSimulator
		{94D078FE-F373-475E-A559-9C64E1FAB805}.Release|iPhoneSimulator.Deploy.0 = Release|iPhoneSimulator
		{94D078FE-F373-475E-A559-9C64E1FAB805}.Release|x64.ActiveCfg = Release|iPhoneSimulator
		{94D078FE-F373-475E-A559-9C64E1FAB805}.Release|x64.Build.0 = Release|iPhoneSimulator
		{94D078FE-F373-475E-A559-9C64E1FAB805}.Release|x64.Deploy.0 = Release|iPhoneSimulator
		{94D078FE-F373-475E-A559-9C64E1FAB805}.Release|x86.ActiveCfg = Release|iPhoneSimulator
		{94D078FE-F373-475E-A559-9C64E1FAB805}.Release|x86.Build.0 = Release|iPhoneSimulator
		{94D078FE-F373-475E-A559-9C64E1FAB805}.Release|x86.Deploy.0 = Release|iPhoneSimulator
		{DBFF8DA7-2040-4E26-A75F-0F0D2D7B0823}.Debug|Any CPU.ActiveCfg = Debug|Any CPU
		{DBFF8DA7-2040-4E26-A75F-0F0D2D7B0823}.Debug|Any CPU.Build.0 = Debug|Any CPU
		{DBFF8DA7-2040-4E26-A75F-0F0D2D7B0823}.Debug|Any CPU.Deploy.0 = Debug|Any CPU
		{DBFF8DA7-2040-4E26-A75F-0F0D2D7B0823}.Debug|ARM.ActiveCfg = Debug|Any CPU
		{DBFF8DA7-2040-4E26-A75F-0F0D2D7B0823}.Debug|ARM.Build.0 = Debug|Any CPU
		{DBFF8DA7-2040-4E26-A75F-0F0D2D7B0823}.Debug|ARM.Deploy.0 = Debug|Any CPU
		{DBFF8DA7-2040-4E26-A75F-0F0D2D7B0823}.Debug|iPhone.ActiveCfg = Debug|Any CPU
		{DBFF8DA7-2040-4E26-A75F-0F0D2D7B0823}.Debug|iPhone.Build.0 = Debug|Any CPU
		{DBFF8DA7-2040-4E26-A75F-0F0D2D7B0823}.Debug|iPhone.Deploy.0 = Debug|Any CPU
		{DBFF8DA7-2040-4E26-A75F-0F0D2D7B0823}.Debug|iPhoneSimulator.ActiveCfg = Debug|Any CPU
		{DBFF8DA7-2040-4E26-A75F-0F0D2D7B0823}.Debug|iPhoneSimulator.Build.0 = Debug|Any CPU
		{DBFF8DA7-2040-4E26-A75F-0F0D2D7B0823}.Debug|iPhoneSimulator.Deploy.0 = Debug|Any CPU
		{DBFF8DA7-2040-4E26-A75F-0F0D2D7B0823}.Debug|x64.ActiveCfg = Debug|Any CPU
		{DBFF8DA7-2040-4E26-A75F-0F0D2D7B0823}.Debug|x64.Build.0 = Debug|Any CPU
		{DBFF8DA7-2040-4E26-A75F-0F0D2D7B0823}.Debug|x64.Deploy.0 = Debug|Any CPU
		{DBFF8DA7-2040-4E26-A75F-0F0D2D7B0823}.Debug|x86.ActiveCfg = Debug|Any CPU
		{DBFF8DA7-2040-4E26-A75F-0F0D2D7B0823}.Debug|x86.Build.0 = Debug|Any CPU
		{DBFF8DA7-2040-4E26-A75F-0F0D2D7B0823}.Debug|x86.Deploy.0 = Debug|Any CPU
		{DBFF8DA7-2040-4E26-A75F-0F0D2D7B0823}.Release|Any CPU.ActiveCfg = Release|Any CPU
		{DBFF8DA7-2040-4E26-A75F-0F0D2D7B0823}.Release|Any CPU.Build.0 = Release|Any CPU
		{DBFF8DA7-2040-4E26-A75F-0F0D2D7B0823}.Release|Any CPU.Deploy.0 = Release|Any CPU
		{DBFF8DA7-2040-4E26-A75F-0F0D2D7B0823}.Release|ARM.ActiveCfg = Release|Any CPU
		{DBFF8DA7-2040-4E26-A75F-0F0D2D7B0823}.Release|ARM.Build.0 = Release|Any CPU
		{DBFF8DA7-2040-4E26-A75F-0F0D2D7B0823}.Release|ARM.Deploy.0 = Release|Any CPU
		{DBFF8DA7-2040-4E26-A75F-0F0D2D7B0823}.Release|iPhone.ActiveCfg = Release|Any CPU
		{DBFF8DA7-2040-4E26-A75F-0F0D2D7B0823}.Release|iPhone.Build.0 = Release|Any CPU
		{DBFF8DA7-2040-4E26-A75F-0F0D2D7B0823}.Release|iPhone.Deploy.0 = Release|Any CPU
		{DBFF8DA7-2040-4E26-A75F-0F0D2D7B0823}.Release|iPhoneSimulator.ActiveCfg = Release|Any CPU
		{DBFF8DA7-2040-4E26-A75F-0F0D2D7B0823}.Release|iPhoneSimulator.Build.0 = Release|Any CPU
		{DBFF8DA7-2040-4E26-A75F-0F0D2D7B0823}.Release|iPhoneSimulator.Deploy.0 = Release|Any CPU
		{DBFF8DA7-2040-4E26-A75F-0F0D2D7B0823}.Release|x64.ActiveCfg = Release|Any CPU
		{DBFF8DA7-2040-4E26-A75F-0F0D2D7B0823}.Release|x64.Build.0 = Release|Any CPU
		{DBFF8DA7-2040-4E26-A75F-0F0D2D7B0823}.Release|x64.Deploy.0 = Release|Any CPU
		{DBFF8DA7-2040-4E26-A75F-0F0D2D7B0823}.Release|x86.ActiveCfg = Release|Any CPU
		{DBFF8DA7-2040-4E26-A75F-0F0D2D7B0823}.Release|x86.Build.0 = Release|Any CPU
		{DBFF8DA7-2040-4E26-A75F-0F0D2D7B0823}.Release|x86.Deploy.0 = Release|Any CPU
		{60743A36-DBFF-4D3B-8125-105D8AE9F291}.Debug|Any CPU.ActiveCfg = Debug|Any CPU
		{60743A36-DBFF-4D3B-8125-105D8AE9F291}.Debug|Any CPU.Build.0 = Debug|Any CPU
		{60743A36-DBFF-4D3B-8125-105D8AE9F291}.Debug|ARM.ActiveCfg = Debug|Any CPU
		{60743A36-DBFF-4D3B-8125-105D8AE9F291}.Debug|ARM.Build.0 = Debug|Any CPU
		{60743A36-DBFF-4D3B-8125-105D8AE9F291}.Debug|iPhone.ActiveCfg = Debug|Any CPU
		{60743A36-DBFF-4D3B-8125-105D8AE9F291}.Debug|iPhone.Build.0 = Debug|Any CPU
		{60743A36-DBFF-4D3B-8125-105D8AE9F291}.Debug|iPhoneSimulator.ActiveCfg = Debug|Any CPU
		{60743A36-DBFF-4D3B-8125-105D8AE9F291}.Debug|iPhoneSimulator.Build.0 = Debug|Any CPU
		{60743A36-DBFF-4D3B-8125-105D8AE9F291}.Debug|x64.ActiveCfg = Debug|Any CPU
		{60743A36-DBFF-4D3B-8125-105D8AE9F291}.Debug|x64.Build.0 = Debug|Any CPU
		{60743A36-DBFF-4D3B-8125-105D8AE9F291}.Debug|x86.ActiveCfg = Debug|Any CPU
		{60743A36-DBFF-4D3B-8125-105D8AE9F291}.Debug|x86.Build.0 = Debug|Any CPU
		{60743A36-DBFF-4D3B-8125-105D8AE9F291}.Release|Any CPU.ActiveCfg = Release|Any CPU
		{60743A36-DBFF-4D3B-8125-105D8AE9F291}.Release|Any CPU.Build.0 = Release|Any CPU
		{60743A36-DBFF-4D3B-8125-105D8AE9F291}.Release|ARM.ActiveCfg = Release|Any CPU
		{60743A36-DBFF-4D3B-8125-105D8AE9F291}.Release|ARM.Build.0 = Release|Any CPU
		{60743A36-DBFF-4D3B-8125-105D8AE9F291}.Release|iPhone.ActiveCfg = Release|Any CPU
		{60743A36-DBFF-4D3B-8125-105D8AE9F291}.Release|iPhone.Build.0 = Release|Any CPU
		{60743A36-DBFF-4D3B-8125-105D8AE9F291}.Release|iPhoneSimulator.ActiveCfg = Release|Any CPU
		{60743A36-DBFF-4D3B-8125-105D8AE9F291}.Release|iPhoneSimulator.Build.0 = Release|Any CPU
		{60743A36-DBFF-4D3B-8125-105D8AE9F291}.Release|x64.ActiveCfg = Release|Any CPU
		{60743A36-DBFF-4D3B-8125-105D8AE9F291}.Release|x64.Build.0 = Release|Any CPU
		{60743A36-DBFF-4D3B-8125-105D8AE9F291}.Release|x86.ActiveCfg = Release|Any CPU
		{60743A36-DBFF-4D3B-8125-105D8AE9F291}.Release|x86.Build.0 = Release|Any CPU
		{3AD8AF40-FAB4-4D1C-9057-704AA0EC8C7F}.Debug|Any CPU.ActiveCfg = Debug|Any CPU
		{3AD8AF40-FAB4-4D1C-9057-704AA0EC8C7F}.Debug|Any CPU.Build.0 = Debug|Any CPU
		{3AD8AF40-FAB4-4D1C-9057-704AA0EC8C7F}.Debug|ARM.ActiveCfg = Debug|Any CPU
		{3AD8AF40-FAB4-4D1C-9057-704AA0EC8C7F}.Debug|ARM.Build.0 = Debug|Any CPU
		{3AD8AF40-FAB4-4D1C-9057-704AA0EC8C7F}.Debug|iPhone.ActiveCfg = Debug|Any CPU
		{3AD8AF40-FAB4-4D1C-9057-704AA0EC8C7F}.Debug|iPhone.Build.0 = Debug|Any CPU
		{3AD8AF40-FAB4-4D1C-9057-704AA0EC8C7F}.Debug|iPhoneSimulator.ActiveCfg = Debug|Any CPU
		{3AD8AF40-FAB4-4D1C-9057-704AA0EC8C7F}.Debug|iPhoneSimulator.Build.0 = Debug|Any CPU
		{3AD8AF40-FAB4-4D1C-9057-704AA0EC8C7F}.Debug|x64.ActiveCfg = Debug|Any CPU
		{3AD8AF40-FAB4-4D1C-9057-704AA0EC8C7F}.Debug|x64.Build.0 = Debug|Any CPU
		{3AD8AF40-FAB4-4D1C-9057-704AA0EC8C7F}.Debug|x86.ActiveCfg = Debug|Any CPU
		{3AD8AF40-FAB4-4D1C-9057-704AA0EC8C7F}.Debug|x86.Build.0 = Debug|Any CPU
		{3AD8AF40-FAB4-4D1C-9057-704AA0EC8C7F}.Release|Any CPU.ActiveCfg = Release|Any CPU
		{3AD8AF40-FAB4-4D1C-9057-704AA0EC8C7F}.Release|Any CPU.Build.0 = Release|Any CPU
		{3AD8AF40-FAB4-4D1C-9057-704AA0EC8C7F}.Release|ARM.ActiveCfg = Release|Any CPU
		{3AD8AF40-FAB4-4D1C-9057-704AA0EC8C7F}.Release|ARM.Build.0 = Release|Any CPU
		{3AD8AF40-FAB4-4D1C-9057-704AA0EC8C7F}.Release|iPhone.ActiveCfg = Release|Any CPU
		{3AD8AF40-FAB4-4D1C-9057-704AA0EC8C7F}.Release|iPhone.Build.0 = Release|Any CPU
		{3AD8AF40-FAB4-4D1C-9057-704AA0EC8C7F}.Release|iPhoneSimulator.ActiveCfg = Release|Any CPU
		{3AD8AF40-FAB4-4D1C-9057-704AA0EC8C7F}.Release|iPhoneSimulator.Build.0 = Release|Any CPU
		{3AD8AF40-FAB4-4D1C-9057-704AA0EC8C7F}.Release|x64.ActiveCfg = Release|Any CPU
		{3AD8AF40-FAB4-4D1C-9057-704AA0EC8C7F}.Release|x64.Build.0 = Release|Any CPU
		{3AD8AF40-FAB4-4D1C-9057-704AA0EC8C7F}.Release|x86.ActiveCfg = Release|Any CPU
		{3AD8AF40-FAB4-4D1C-9057-704AA0EC8C7F}.Release|x86.Build.0 = Release|Any CPU
		{FE654C8D-0039-4197-A885-3A85BBB2C414}.Debug|Any CPU.ActiveCfg = Debug|Any CPU
		{FE654C8D-0039-4197-A885-3A85BBB2C414}.Debug|Any CPU.Build.0 = Debug|Any CPU
		{FE654C8D-0039-4197-A885-3A85BBB2C414}.Debug|ARM.ActiveCfg = Debug|Any CPU
		{FE654C8D-0039-4197-A885-3A85BBB2C414}.Debug|ARM.Build.0 = Debug|Any CPU
		{FE654C8D-0039-4197-A885-3A85BBB2C414}.Debug|iPhone.ActiveCfg = Debug|Any CPU
		{FE654C8D-0039-4197-A885-3A85BBB2C414}.Debug|iPhone.Build.0 = Debug|Any CPU
		{FE654C8D-0039-4197-A885-3A85BBB2C414}.Debug|iPhoneSimulator.ActiveCfg = Debug|Any CPU
		{FE654C8D-0039-4197-A885-3A85BBB2C414}.Debug|iPhoneSimulator.Build.0 = Debug|Any CPU
		{FE654C8D-0039-4197-A885-3A85BBB2C414}.Debug|x64.ActiveCfg = Debug|Any CPU
		{FE654C8D-0039-4197-A885-3A85BBB2C414}.Debug|x64.Build.0 = Debug|Any CPU
		{FE654C8D-0039-4197-A885-3A85BBB2C414}.Debug|x86.ActiveCfg = Debug|Any CPU
		{FE654C8D-0039-4197-A885-3A85BBB2C414}.Debug|x86.Build.0 = Debug|Any CPU
		{FE654C8D-0039-4197-A885-3A85BBB2C414}.Release|Any CPU.ActiveCfg = Release|Any CPU
		{FE654C8D-0039-4197-A885-3A85BBB2C414}.Release|Any CPU.Build.0 = Release|Any CPU
		{FE654C8D-0039-4197-A885-3A85BBB2C414}.Release|ARM.ActiveCfg = Release|Any CPU
		{FE654C8D-0039-4197-A885-3A85BBB2C414}.Release|ARM.Build.0 = Release|Any CPU
		{FE654C8D-0039-4197-A885-3A85BBB2C414}.Release|iPhone.ActiveCfg = Release|Any CPU
		{FE654C8D-0039-4197-A885-3A85BBB2C414}.Release|iPhone.Build.0 = Release|Any CPU
		{FE654C8D-0039-4197-A885-3A85BBB2C414}.Release|iPhoneSimulator.ActiveCfg = Release|Any CPU
		{FE654C8D-0039-4197-A885-3A85BBB2C414}.Release|iPhoneSimulator.Build.0 = Release|Any CPU
		{FE654C8D-0039-4197-A885-3A85BBB2C414}.Release|x64.ActiveCfg = Release|Any CPU
		{FE654C8D-0039-4197-A885-3A85BBB2C414}.Release|x64.Build.0 = Release|Any CPU
		{FE654C8D-0039-4197-A885-3A85BBB2C414}.Release|x86.ActiveCfg = Release|Any CPU
		{FE654C8D-0039-4197-A885-3A85BBB2C414}.Release|x86.Build.0 = Release|Any CPU
		{F3E9B455-EEE1-45BE-8C31-1A0542B186F9}.Debug|Any CPU.ActiveCfg = Debug|Any CPU
		{F3E9B455-EEE1-45BE-8C31-1A0542B186F9}.Debug|Any CPU.Build.0 = Debug|Any CPU
		{F3E9B455-EEE1-45BE-8C31-1A0542B186F9}.Debug|ARM.ActiveCfg = Debug|Any CPU
		{F3E9B455-EEE1-45BE-8C31-1A0542B186F9}.Debug|ARM.Build.0 = Debug|Any CPU
		{F3E9B455-EEE1-45BE-8C31-1A0542B186F9}.Debug|iPhone.ActiveCfg = Debug|Any CPU
		{F3E9B455-EEE1-45BE-8C31-1A0542B186F9}.Debug|iPhone.Build.0 = Debug|Any CPU
		{F3E9B455-EEE1-45BE-8C31-1A0542B186F9}.Debug|iPhoneSimulator.ActiveCfg = Debug|Any CPU
		{F3E9B455-EEE1-45BE-8C31-1A0542B186F9}.Debug|iPhoneSimulator.Build.0 = Debug|Any CPU
		{F3E9B455-EEE1-45BE-8C31-1A0542B186F9}.Debug|x64.ActiveCfg = Debug|Any CPU
		{F3E9B455-EEE1-45BE-8C31-1A0542B186F9}.Debug|x64.Build.0 = Debug|Any CPU
		{F3E9B455-EEE1-45BE-8C31-1A0542B186F9}.Debug|x86.ActiveCfg = Debug|Any CPU
		{F3E9B455-EEE1-45BE-8C31-1A0542B186F9}.Debug|x86.Build.0 = Debug|Any CPU
		{F3E9B455-EEE1-45BE-8C31-1A0542B186F9}.Release|Any CPU.ActiveCfg = Release|Any CPU
		{F3E9B455-EEE1-45BE-8C31-1A0542B186F9}.Release|Any CPU.Build.0 = Release|Any CPU
		{F3E9B455-EEE1-45BE-8C31-1A0542B186F9}.Release|ARM.ActiveCfg = Release|Any CPU
		{F3E9B455-EEE1-45BE-8C31-1A0542B186F9}.Release|ARM.Build.0 = Release|Any CPU
		{F3E9B455-EEE1-45BE-8C31-1A0542B186F9}.Release|iPhone.ActiveCfg = Release|Any CPU
		{F3E9B455-EEE1-45BE-8C31-1A0542B186F9}.Release|iPhone.Build.0 = Release|Any CPU
		{F3E9B455-EEE1-45BE-8C31-1A0542B186F9}.Release|iPhoneSimulator.ActiveCfg = Release|Any CPU
		{F3E9B455-EEE1-45BE-8C31-1A0542B186F9}.Release|iPhoneSimulator.Build.0 = Release|Any CPU
		{F3E9B455-EEE1-45BE-8C31-1A0542B186F9}.Release|x64.ActiveCfg = Release|Any CPU
		{F3E9B455-EEE1-45BE-8C31-1A0542B186F9}.Release|x64.Build.0 = Release|Any CPU
		{F3E9B455-EEE1-45BE-8C31-1A0542B186F9}.Release|x86.ActiveCfg = Release|Any CPU
		{F3E9B455-EEE1-45BE-8C31-1A0542B186F9}.Release|x86.Build.0 = Release|Any CPU
		{7D01A787-5F13-4401-AC74-76C95098C5FD}.Debug|Any CPU.ActiveCfg = Debug|Any CPU
		{7D01A787-5F13-4401-AC74-76C95098C5FD}.Debug|Any CPU.Build.0 = Debug|Any CPU
		{7D01A787-5F13-4401-AC74-76C95098C5FD}.Debug|ARM.ActiveCfg = Debug|Any CPU
		{7D01A787-5F13-4401-AC74-76C95098C5FD}.Debug|ARM.Build.0 = Debug|Any CPU
		{7D01A787-5F13-4401-AC74-76C95098C5FD}.Debug|iPhone.ActiveCfg = Debug|Any CPU
		{7D01A787-5F13-4401-AC74-76C95098C5FD}.Debug|iPhone.Build.0 = Debug|Any CPU
		{7D01A787-5F13-4401-AC74-76C95098C5FD}.Debug|iPhoneSimulator.ActiveCfg = Debug|Any CPU
		{7D01A787-5F13-4401-AC74-76C95098C5FD}.Debug|iPhoneSimulator.Build.0 = Debug|Any CPU
		{7D01A787-5F13-4401-AC74-76C95098C5FD}.Debug|x64.ActiveCfg = Debug|Any CPU
		{7D01A787-5F13-4401-AC74-76C95098C5FD}.Debug|x64.Build.0 = Debug|Any CPU
		{7D01A787-5F13-4401-AC74-76C95098C5FD}.Debug|x86.ActiveCfg = Debug|Any CPU
		{7D01A787-5F13-4401-AC74-76C95098C5FD}.Debug|x86.Build.0 = Debug|Any CPU
		{7D01A787-5F13-4401-AC74-76C95098C5FD}.Release|Any CPU.ActiveCfg = Release|Any CPU
		{7D01A787-5F13-4401-AC74-76C95098C5FD}.Release|Any CPU.Build.0 = Release|Any CPU
		{7D01A787-5F13-4401-AC74-76C95098C5FD}.Release|ARM.ActiveCfg = Release|Any CPU
		{7D01A787-5F13-4401-AC74-76C95098C5FD}.Release|ARM.Build.0 = Release|Any CPU
		{7D01A787-5F13-4401-AC74-76C95098C5FD}.Release|iPhone.ActiveCfg = Release|Any CPU
		{7D01A787-5F13-4401-AC74-76C95098C5FD}.Release|iPhone.Build.0 = Release|Any CPU
		{7D01A787-5F13-4401-AC74-76C95098C5FD}.Release|iPhoneSimulator.ActiveCfg = Release|Any CPU
		{7D01A787-5F13-4401-AC74-76C95098C5FD}.Release|iPhoneSimulator.Build.0 = Release|Any CPU
		{7D01A787-5F13-4401-AC74-76C95098C5FD}.Release|x64.ActiveCfg = Release|Any CPU
		{7D01A787-5F13-4401-AC74-76C95098C5FD}.Release|x64.Build.0 = Release|Any CPU
		{7D01A787-5F13-4401-AC74-76C95098C5FD}.Release|x86.ActiveCfg = Release|Any CPU
		{7D01A787-5F13-4401-AC74-76C95098C5FD}.Release|x86.Build.0 = Release|Any CPU
		{3F2848CE-E658-436C-AB16-19B29E754211}.Debug|Any CPU.ActiveCfg = Debug|Any CPU
		{3F2848CE-E658-436C-AB16-19B29E754211}.Debug|Any CPU.Build.0 = Debug|Any CPU
		{3F2848CE-E658-436C-AB16-19B29E754211}.Debug|ARM.ActiveCfg = Debug|Any CPU
		{3F2848CE-E658-436C-AB16-19B29E754211}.Debug|ARM.Build.0 = Debug|Any CPU
		{3F2848CE-E658-436C-AB16-19B29E754211}.Debug|iPhone.ActiveCfg = Debug|Any CPU
		{3F2848CE-E658-436C-AB16-19B29E754211}.Debug|iPhone.Build.0 = Debug|Any CPU
		{3F2848CE-E658-436C-AB16-19B29E754211}.Debug|iPhoneSimulator.ActiveCfg = Debug|Any CPU
		{3F2848CE-E658-436C-AB16-19B29E754211}.Debug|iPhoneSimulator.Build.0 = Debug|Any CPU
		{3F2848CE-E658-436C-AB16-19B29E754211}.Debug|x64.ActiveCfg = Debug|Any CPU
		{3F2848CE-E658-436C-AB16-19B29E754211}.Debug|x64.Build.0 = Debug|Any CPU
		{3F2848CE-E658-436C-AB16-19B29E754211}.Debug|x86.ActiveCfg = Debug|Any CPU
		{3F2848CE-E658-436C-AB16-19B29E754211}.Debug|x86.Build.0 = Debug|Any CPU
		{3F2848CE-E658-436C-AB16-19B29E754211}.Release|Any CPU.ActiveCfg = Release|Any CPU
		{3F2848CE-E658-436C-AB16-19B29E754211}.Release|Any CPU.Build.0 = Release|Any CPU
		{3F2848CE-E658-436C-AB16-19B29E754211}.Release|ARM.ActiveCfg = Release|Any CPU
		{3F2848CE-E658-436C-AB16-19B29E754211}.Release|ARM.Build.0 = Release|Any CPU
		{3F2848CE-E658-436C-AB16-19B29E754211}.Release|iPhone.ActiveCfg = Release|Any CPU
		{3F2848CE-E658-436C-AB16-19B29E754211}.Release|iPhone.Build.0 = Release|Any CPU
		{3F2848CE-E658-436C-AB16-19B29E754211}.Release|iPhoneSimulator.ActiveCfg = Release|Any CPU
		{3F2848CE-E658-436C-AB16-19B29E754211}.Release|iPhoneSimulator.Build.0 = Release|Any CPU
		{3F2848CE-E658-436C-AB16-19B29E754211}.Release|x64.ActiveCfg = Release|Any CPU
		{3F2848CE-E658-436C-AB16-19B29E754211}.Release|x64.Build.0 = Release|Any CPU
		{3F2848CE-E658-436C-AB16-19B29E754211}.Release|x86.ActiveCfg = Release|Any CPU
		{3F2848CE-E658-436C-AB16-19B29E754211}.Release|x86.Build.0 = Release|Any CPU
		{E2A00438-B21F-4DB6-A6A1-4884084704F0}.Debug|Any CPU.ActiveCfg = Debug|Any CPU
		{E2A00438-B21F-4DB6-A6A1-4884084704F0}.Debug|Any CPU.Build.0 = Debug|Any CPU
		{E2A00438-B21F-4DB6-A6A1-4884084704F0}.Debug|ARM.ActiveCfg = Debug|Any CPU
		{E2A00438-B21F-4DB6-A6A1-4884084704F0}.Debug|ARM.Build.0 = Debug|Any CPU
		{E2A00438-B21F-4DB6-A6A1-4884084704F0}.Debug|iPhone.ActiveCfg = Debug|Any CPU
		{E2A00438-B21F-4DB6-A6A1-4884084704F0}.Debug|iPhone.Build.0 = Debug|Any CPU
		{E2A00438-B21F-4DB6-A6A1-4884084704F0}.Debug|iPhoneSimulator.ActiveCfg = Debug|Any CPU
		{E2A00438-B21F-4DB6-A6A1-4884084704F0}.Debug|iPhoneSimulator.Build.0 = Debug|Any CPU
		{E2A00438-B21F-4DB6-A6A1-4884084704F0}.Debug|x64.ActiveCfg = Debug|Any CPU
		{E2A00438-B21F-4DB6-A6A1-4884084704F0}.Debug|x64.Build.0 = Debug|Any CPU
		{E2A00438-B21F-4DB6-A6A1-4884084704F0}.Debug|x86.ActiveCfg = Debug|Any CPU
		{E2A00438-B21F-4DB6-A6A1-4884084704F0}.Debug|x86.Build.0 = Debug|Any CPU
		{E2A00438-B21F-4DB6-A6A1-4884084704F0}.Release|Any CPU.ActiveCfg = Release|Any CPU
		{E2A00438-B21F-4DB6-A6A1-4884084704F0}.Release|Any CPU.Build.0 = Release|Any CPU
		{E2A00438-B21F-4DB6-A6A1-4884084704F0}.Release|ARM.ActiveCfg = Release|Any CPU
		{E2A00438-B21F-4DB6-A6A1-4884084704F0}.Release|ARM.Build.0 = Release|Any CPU
		{E2A00438-B21F-4DB6-A6A1-4884084704F0}.Release|iPhone.ActiveCfg = Release|Any CPU
		{E2A00438-B21F-4DB6-A6A1-4884084704F0}.Release|iPhone.Build.0 = Release|Any CPU
		{E2A00438-B21F-4DB6-A6A1-4884084704F0}.Release|iPhoneSimulator.ActiveCfg = Release|Any CPU
		{E2A00438-B21F-4DB6-A6A1-4884084704F0}.Release|iPhoneSimulator.Build.0 = Release|Any CPU
		{E2A00438-B21F-4DB6-A6A1-4884084704F0}.Release|x64.ActiveCfg = Release|Any CPU
		{E2A00438-B21F-4DB6-A6A1-4884084704F0}.Release|x64.Build.0 = Release|Any CPU
		{E2A00438-B21F-4DB6-A6A1-4884084704F0}.Release|x86.ActiveCfg = Release|Any CPU
		{E2A00438-B21F-4DB6-A6A1-4884084704F0}.Release|x86.Build.0 = Release|Any CPU
	EndGlobalSection
	GlobalSection(SolutionProperties) = preSolution
		HideSolutionNode = FALSE
	EndGlobalSection
	GlobalSection(ExtensibilityGlobals) = postSolution
		SolutionGuid = {0E0966CA-F099-4BAE-A8DB-FE6A0BB1E7FD}
	EndGlobalSection
EndGlobal
