
Microsoft Visual Studio Solution File, Format Version 12.00
# Visual Studio Version 17
VisualStudioVersion = 17.2.32210.308
MinimumVisualStudioVersion = 10.0.40219.1
Project("{FAE04EC0-301F-11D3-BF4B-00C04F79EFBC}") = "Win3Mu", "Win3Mu\Win3Mu\Win3Mu.csproj", "{5010A1B6-D2B1-4A73-955C-D163304F70D3}"
EndProject
Project("{FAE04EC0-301F-11D3-BF4B-00C04F79EFBC}") = "Win3Mu.Droid", "Win3Mu\Win3Mu.Droid\Win3Mu.Droid.csproj", "{42B3B9D2-9D94-4767-8651-DCAA04590807}"
EndProject
Project("{FAE04EC0-301F-11D3-BF4B-00C04F79EFBC}") = "Win3Mu.UWP", "Win3Mu\Win3Mu.UWP\Win3Mu.UWP.csproj", "{005A1A0E-A4A4-44A5-9236-BC0908FD73A1}"
EndProject
Project("{FAE04EC0-301F-11D3-BF4B-00C04F79EFBC}") = "Win3Mu.iOS", "Win3Mu\Win3Mu.iOS\Win3Mu.iOS.csproj", "{9E6CEAD7-C953-492B-A2DA-F02A93BE3788}"
EndProject
Project("{FAE04EC0-301F-11D3-BF4B-00C04F79EFBC}") = "Win3MuRuntime", "Win3Mu\Win3MuRuntime\Win3MuRuntime.csproj", "{401081B6-D2B1-4A73-955C-D163304F50D3}"
EndProject
Project("{FAE04EC0-301F-11D3-BF4B-00C04F79EFBC}") = "Win3MuCore", "Win3Mu\Win3MuCore\Win3MuCore.csproj", "{401081B6-D255-4A73-E55C-D163304F50D3}"
EndProject
Project("{FAE04EC0-301F-11D3-BF4B-00C04F79EFBC}") = "PetaJson", "Win3Mu\PetaJson\PetaJson.csproj", "{401081B6-D3E3-8D73-E55C-A163409F54D3}"
EndProject
Project("{FAE04EC0-301F-11D3-BF4B-00C04F79EFBC}") = "ConFrames", "Win3Mu\ConFrames\ConFrames.csproj", "{401081B6-D353-8A73-E55C-D163309F50D3}"
EndProject
Global
	GlobalSection(SolutionConfigurationPlatforms) = preSolution
		Ad-Hoc|Any CPU = Ad-Hoc|Any CPU
		Ad-Hoc|ARM = Ad-Hoc|ARM
		Ad-Hoc|iPhone = Ad-Hoc|iPhone
		Ad-Hoc|iPhoneSimulator = Ad-Hoc|iPhoneSimulator
		Ad-Hoc|Mixed Platforms = Ad-Hoc|Mixed Platforms
		Ad-Hoc|x64 = Ad-Hoc|x64
		Ad-Hoc|x86 = Ad-Hoc|x86
		AppStore|Any CPU = AppStore|Any CPU
		AppStore|ARM = AppStore|ARM
		AppStore|iPhone = AppStore|iPhone
		AppStore|iPhoneSimulator = AppStore|iPhoneSimulator
		AppStore|Mixed Platforms = AppStore|Mixed Platforms
		AppStore|x64 = AppStore|x64
		AppStore|x86 = AppStore|x86
		Debug|Any CPU = Debug|Any CPU
		Debug|ARM = Debug|ARM
		Debug|iPhone = Debug|iPhone
		Debug|iPhoneSimulator = Debug|iPhoneSimulator
		Debug|Mixed Platforms = Debug|Mixed Platforms
		Debug|x64 = Debug|x64
		Debug|x86 = Debug|x86
		Release|Any CPU = Release|Any CPU
		Release|ARM = Release|ARM
		Release|iPhone = Release|iPhone
		Release|iPhoneSimulator = Release|iPhoneSimulator
		Release|Mixed Platforms = Release|Mixed Platforms
		Release|x64 = Release|x64
		Release|x86 = Release|x86
	EndGlobalSection
	GlobalSection(ProjectConfigurationPlatforms) = postSolution
		{5010A1B6-D2B1-4A73-955C-D163304F70D3}.Ad-Hoc|Any CPU.ActiveCfg = Release|Any CPU
		{5010A1B6-D2B1-4A73-955C-D163304F70D3}.Ad-Hoc|Any CPU.Build.0 = Release|Any CPU
		{5010A1B6-D2B1-4A73-955C-D163304F70D3}.Ad-Hoc|ARM.ActiveCfg = Release|Any CPU
		{5010A1B6-D2B1-4A73-955C-D163304F70D3}.Ad-Hoc|iPhone.ActiveCfg = Release|Any CPU
		{5010A1B6-D2B1-4A73-955C-D163304F70D3}.Ad-Hoc|iPhoneSimulator.ActiveCfg = Release|Any CPU
		{5010A1B6-D2B1-4A73-955C-D163304F70D3}.Ad-Hoc|Mixed Platforms.ActiveCfg = Release|Any CPU
		{5010A1B6-D2B1-4A73-955C-D163304F70D3}.Ad-Hoc|Mixed Platforms.Build.0 = Release|Any CPU
		{5010A1B6-D2B1-4A73-955C-D163304F70D3}.Ad-Hoc|x64.ActiveCfg = Debug|Any CPU
		{5010A1B6-D2B1-4A73-955C-D163304F70D3}.Ad-Hoc|x64.Build.0 = Debug|Any CPU
		{5010A1B6-D2B1-4A73-955C-D163304F70D3}.Ad-Hoc|x86.ActiveCfg = Release|Any CPU
		{5010A1B6-D2B1-4A73-955C-D163304F70D3}.AppStore|Any CPU.ActiveCfg = Release|Any CPU
		{5010A1B6-D2B1-4A73-955C-D163304F70D3}.AppStore|Any CPU.Build.0 = Release|Any CPU
		{5010A1B6-D2B1-4A73-955C-D163304F70D3}.AppStore|ARM.ActiveCfg = Release|Any CPU
		{5010A1B6-D2B1-4A73-955C-D163304F70D3}.AppStore|iPhone.ActiveCfg = Release|Any CPU
		{5010A1B6-D2B1-4A73-955C-D163304F70D3}.AppStore|iPhoneSimulator.ActiveCfg = Release|Any CPU
		{5010A1B6-D2B1-4A73-955C-D163304F70D3}.AppStore|Mixed Platforms.ActiveCfg = Release|Any CPU
		{5010A1B6-D2B1-4A73-955C-D163304F70D3}.AppStore|Mixed Platforms.Build.0 = Release|Any CPU
		{5010A1B6-D2B1-4A73-955C-D163304F70D3}.AppStore|x64.ActiveCfg = Debug|Any CPU
		{5010A1B6-D2B1-4A73-955C-D163304F70D3}.AppStore|x64.Build.0 = Debug|Any CPU
		{5010A1B6-D2B1-4A73-955C-D163304F70D3}.AppStore|x86.ActiveCfg = Release|Any CPU
		{5010A1B6-D2B1-4A73-955C-D163304F70D3}.Debug|Any CPU.ActiveCfg = Debug|Any CPU
		{5010A1B6-D2B1-4A73-955C-D163304F70D3}.Debug|Any CPU.Build.0 = Debug|Any CPU
		{5010A1B6-D2B1-4A73-955C-D163304F70D3}.Debug|ARM.ActiveCfg = Debug|Any CPU
		{5010A1B6-D2B1-4A73-955C-D163304F70D3}.Debug|ARM.Build.0 = Debug|Any CPU
		{5010A1B6-D2B1-4A73-955C-D163304F70D3}.Debug|iPhone.ActiveCfg = Debug|Any CPU
		{5010A1B6-D2B1-4A73-955C-D163304F70D3}.Debug|iPhoneSimulator.ActiveCfg = Debug|Any CPU
		{5010A1B6-D2B1-4A73-955C-D163304F70D3}.Debug|Mixed Platforms.ActiveCfg = Debug|Any CPU
		{5010A1B6-D2B1-4A73-955C-D163304F70D3}.Debug|Mixed Platforms.Build.0 = Debug|Any CPU
		{5010A1B6-D2B1-4A73-955C-D163304F70D3}.Debug|x64.ActiveCfg = Debug|Any CPU
		{5010A1B6-D2B1-4A73-955C-D163304F70D3}.Debug|x64.Build.0 = Debug|Any CPU
		{5010A1B6-D2B1-4A73-955C-D163304F70D3}.Debug|x86.ActiveCfg = Debug|Any CPU
		{5010A1B6-D2B1-4A73-955C-D163304F70D3}.Debug|x86.Build.0 = Debug|Any CPU
		{5010A1B6-D2B1-4A73-955C-D163304F70D3}.Release|Any CPU.ActiveCfg = Release|Any CPU
		{5010A1B6-D2B1-4A73-955C-D163304F70D3}.Release|Any CPU.Build.0 = Release|Any CPU
		{5010A1B6-D2B1-4A73-955C-D163304F70D3}.Release|ARM.ActiveCfg = Release|Any CPU
		{5010A1B6-D2B1-4A73-955C-D163304F70D3}.Release|iPhone.ActiveCfg = Release|Any CPU
		{5010A1B6-D2B1-4A73-955C-D163304F70D3}.Release|iPhoneSimulator.ActiveCfg = Release|Any CPU
		{5010A1B6-D2B1-4A73-955C-D163304F70D3}.Release|Mixed Platforms.ActiveCfg = Release|Any CPU
		{5010A1B6-D2B1-4A73-955C-D163304F70D3}.Release|Mixed Platforms.Build.0 = Release|Any CPU
		{5010A1B6-D2B1-4A73-955C-D163304F70D3}.Release|x64.ActiveCfg = Release|Any CPU
		{5010A1B6-D2B1-4A73-955C-D163304F70D3}.Release|x64.Build.0 = Release|Any CPU
		{5010A1B6-D2B1-4A73-955C-D163304F70D3}.Release|x86.ActiveCfg = Release|Any CPU
		{5010A1B6-D2B1-4A73-955C-D163304F70D3}.Release|x86.Build.0 = Release|Any CPU
		{42B3B9D2-9D94-4767-8651-DCAA04590807}.Ad-Hoc|Any CPU.ActiveCfg = Release|Any CPU
		{42B3B9D2-9D94-4767-8651-DCAA04590807}.Ad-Hoc|Any CPU.Build.0 = Release|Any CPU
		{42B3B9D2-9D94-4767-8651-DCAA04590807}.Ad-Hoc|Any CPU.Deploy.0 = Release|Any CPU
		{42B3B9D2-9D94-4767-8651-DCAA04590807}.Ad-Hoc|ARM.ActiveCfg = Release|Any CPU
		{42B3B9D2-9D94-4767-8651-DCAA04590807}.Ad-Hoc|ARM.Build.0 = Release|Any CPU
		{42B3B9D2-9D94-4767-8651-DCAA04590807}.Ad-Hoc|ARM.Deploy.0 = Release|Any CPU
		{42B3B9D2-9D94-4767-8651-DCAA04590807}.Ad-Hoc|iPhone.ActiveCfg = Release|Any CPU
		{42B3B9D2-9D94-4767-8651-DCAA04590807}.Ad-Hoc|iPhone.Build.0 = Release|Any CPU
		{42B3B9D2-9D94-4767-8651-DCAA04590807}.Ad-Hoc|iPhone.Deploy.0 = Release|Any CPU
		{42B3B9D2-9D94-4767-8651-DCAA04590807}.Ad-Hoc|iPhoneSimulator.ActiveCfg = Release|Any CPU
		{42B3B9D2-9D94-4767-8651-DCAA04590807}.Ad-Hoc|iPhoneSimulator.Build.0 = Release|Any CPU
		{42B3B9D2-9D94-4767-8651-DCAA04590807}.Ad-Hoc|iPhoneSimulator.Deploy.0 = Release|Any CPU
		{42B3B9D2-9D94-4767-8651-DCAA04590807}.Ad-Hoc|Mixed Platforms.ActiveCfg = Release|Any CPU
		{42B3B9D2-9D94-4767-8651-DCAA04590807}.Ad-Hoc|Mixed Platforms.Build.0 = Release|Any CPU
		{42B3B9D2-9D94-4767-8651-DCAA04590807}.Ad-Hoc|Mixed Platforms.Deploy.0 = Release|Any CPU
		{42B3B9D2-9D94-4767-8651-DCAA04590807}.Ad-Hoc|x64.ActiveCfg = Release|Any CPU
		{42B3B9D2-9D94-4767-8651-DCAA04590807}.Ad-Hoc|x64.Build.0 = Release|Any CPU
		{42B3B9D2-9D94-4767-8651-DCAA04590807}.Ad-Hoc|x64.Deploy.0 = Release|Any CPU
		{42B3B9D2-9D94-4767-8651-DCAA04590807}.Ad-Hoc|x86.ActiveCfg = Release|Any CPU
		{42B3B9D2-9D94-4767-8651-DCAA04590807}.Ad-Hoc|x86.Build.0 = Release|Any CPU
		{42B3B9D2-9D94-4767-8651-DCAA04590807}.Ad-Hoc|x86.Deploy.0 = Release|Any CPU
		{42B3B9D2-9D94-4767-8651-DCAA04590807}.AppStore|Any CPU.ActiveCfg = Release|Any CPU
		{42B3B9D2-9D94-4767-8651-DCAA04590807}.AppStore|Any CPU.Build.0 = Release|Any CPU
		{42B3B9D2-9D94-4767-8651-DCAA04590807}.AppStore|Any CPU.Deploy.0 = Release|Any CPU
		{42B3B9D2-9D94-4767-8651-DCAA04590807}.AppStore|ARM.ActiveCfg = Release|Any CPU
		{42B3B9D2-9D94-4767-8651-DCAA04590807}.AppStore|ARM.Build.0 = Release|Any CPU
		{42B3B9D2-9D94-4767-8651-DCAA04590807}.AppStore|ARM.Deploy.0 = Release|Any CPU
		{42B3B9D2-9D94-4767-8651-DCAA04590807}.AppStore|iPhone.ActiveCfg = Release|Any CPU
		{42B3B9D2-9D94-4767-8651-DCAA04590807}.AppStore|iPhone.Build.0 = Release|Any CPU
		{42B3B9D2-9D94-4767-8651-DCAA04590807}.AppStore|iPhone.Deploy.0 = Release|Any CPU
		{42B3B9D2-9D94-4767-8651-DCAA04590807}.AppStore|iPhoneSimulator.ActiveCfg = Release|Any CPU
		{42B3B9D2-9D94-4767-8651-DCAA04590807}.AppStore|iPhoneSimulator.Build.0 = Release|Any CPU
		{42B3B9D2-9D94-4767-8651-DCAA04590807}.AppStore|iPhoneSimulator.Deploy.0 = Release|Any CPU
		{42B3B9D2-9D94-4767-8651-DCAA04590807}.AppStore|Mixed Platforms.ActiveCfg = Release|Any CPU
		{42B3B9D2-9D94-4767-8651-DCAA04590807}.AppStore|Mixed Platforms.Build.0 = Release|Any CPU
		{42B3B9D2-9D94-4767-8651-DCAA04590807}.AppStore|Mixed Platforms.Deploy.0 = Release|Any CPU
		{42B3B9D2-9D94-4767-8651-DCAA04590807}.AppStore|x64.ActiveCfg = Release|Any CPU
		{42B3B9D2-9D94-4767-8651-DCAA04590807}.AppStore|x64.Build.0 = Release|Any CPU
		{42B3B9D2-9D94-4767-8651-DCAA04590807}.AppStore|x64.Deploy.0 = Release|Any CPU
		{42B3B9D2-9D94-4767-8651-DCAA04590807}.AppStore|x86.ActiveCfg = Release|Any CPU
		{42B3B9D2-9D94-4767-8651-DCAA04590807}.AppStore|x86.Build.0 = Release|Any CPU
		{42B3B9D2-9D94-4767-8651-DCAA04590807}.AppStore|x86.Deploy.0 = Release|Any CPU
		{42B3B9D2-9D94-4767-8651-DCAA04590807}.Debug|Any CPU.ActiveCfg = Debug|Any CPU
		{42B3B9D2-9D94-4767-8651-DCAA04590807}.Debug|Any CPU.Build.0 = Debug|Any CPU
		{42B3B9D2-9D94-4767-8651-DCAA04590807}.Debug|Any CPU.Deploy.0 = Debug|Any CPU
		{42B3B9D2-9D94-4767-8651-DCAA04590807}.Debug|ARM.ActiveCfg = Debug|Any CPU
		{42B3B9D2-9D94-4767-8651-DCAA04590807}.Debug|ARM.Build.0 = Debug|Any CPU
		{42B3B9D2-9D94-4767-8651-DCAA04590807}.Debug|ARM.Deploy.0 = Debug|Any CPU
		{42B3B9D2-9D94-4767-8651-DCAA04590807}.Debug|iPhone.ActiveCfg = Debug|Any CPU
		{42B3B9D2-9D94-4767-8651-DCAA04590807}.Debug|iPhone.Build.0 = Debug|Any CPU
		{42B3B9D2-9D94-4767-8651-DCAA04590807}.Debug|iPhone.Deploy.0 = Debug|Any CPU
		{42B3B9D2-9D94-4767-8651-DCAA04590807}.Debug|iPhoneSimulator.ActiveCfg = Debug|Any CPU
		{42B3B9D2-9D94-4767-8651-DCAA04590807}.Debug|iPhoneSimulator.Build.0 = Debug|Any CPU
		{42B3B9D2-9D94-4767-8651-DCAA04590807}.Debug|iPhoneSimulator.Deploy.0 = Debug|Any CPU
		{42B3B9D2-9D94-4767-8651-DCAA04590807}.Debug|Mixed Platforms.ActiveCfg = Debug|Any CPU
		{42B3B9D2-9D94-4767-8651-DCAA04590807}.Debug|Mixed Platforms.Build.0 = Debug|Any CPU
		{42B3B9D2-9D94-4767-8651-DCAA04590807}.Debug|Mixed Platforms.Deploy.0 = Debug|Any CPU
		{42B3B9D2-9D94-4767-8651-DCAA04590807}.Debug|x64.ActiveCfg = Debug|Any CPU
		{42B3B9D2-9D94-4767-8651-DCAA04590807}.Debug|x64.Build.0 = Debug|Any CPU
		{42B3B9D2-9D94-4767-8651-DCAA04590807}.Debug|x64.Deploy.0 = Debug|Any CPU
		{42B3B9D2-9D94-4767-8651-DCAA04590807}.Debug|x86.ActiveCfg = Debug|Any CPU
		{42B3B9D2-9D94-4767-8651-DCAA04590807}.Debug|x86.Build.0 = Debug|Any CPU
		{42B3B9D2-9D94-4767-8651-DCAA04590807}.Debug|x86.Deploy.0 = Debug|Any CPU
		{42B3B9D2-9D94-4767-8651-DCAA04590807}.Release|Any CPU.ActiveCfg = Release|Any CPU
		{42B3B9D2-9D94-4767-8651-DCAA04590807}.Release|Any CPU.Build.0 = Release|Any CPU
		{42B3B9D2-9D94-4767-8651-DCAA04590807}.Release|Any CPU.Deploy.0 = Release|Any CPU
		{42B3B9D2-9D94-4767-8651-DCAA04590807}.Release|ARM.ActiveCfg = Release|Any CPU
		{42B3B9D2-9D94-4767-8651-DCAA04590807}.Release|ARM.Build.0 = Release|Any CPU
		{42B3B9D2-9D94-4767-8651-DCAA04590807}.Release|ARM.Deploy.0 = Release|Any CPU
		{42B3B9D2-9D94-4767-8651-DCAA04590807}.Release|iPhone.ActiveCfg = Release|Any CPU
		{42B3B9D2-9D94-4767-8651-DCAA04590807}.Release|iPhone.Build.0 = Release|Any CPU
		{42B3B9D2-9D94-4767-8651-DCAA04590807}.Release|iPhone.Deploy.0 = Release|Any CPU
		{42B3B9D2-9D94-4767-8651-DCAA04590807}.Release|iPhoneSimulator.ActiveCfg = Release|Any CPU
		{42B3B9D2-9D94-4767-8651-DCAA04590807}.Release|iPhoneSimulator.Build.0 = Release|Any CPU
		{42B3B9D2-9D94-4767-8651-DCAA04590807}.Release|iPhoneSimulator.Deploy.0 = Release|Any CPU
		{42B3B9D2-9D94-4767-8651-DCAA04590807}.Release|Mixed Platforms.ActiveCfg = Release|Any CPU
		{42B3B9D2-9D94-4767-8651-DCAA04590807}.Release|Mixed Platforms.Build.0 = Release|Any CPU
		{42B3B9D2-9D94-4767-8651-DCAA04590807}.Release|Mixed Platforms.Deploy.0 = Release|Any CPU
		{42B3B9D2-9D94-4767-8651-DCAA04590807}.Release|x64.ActiveCfg = Release|Any CPU
		{42B3B9D2-9D94-4767-8651-DCAA04590807}.Release|x64.Build.0 = Release|Any CPU
		{42B3B9D2-9D94-4767-8651-DCAA04590807}.Release|x64.Deploy.0 = Release|Any CPU
		{42B3B9D2-9D94-4767-8651-DCAA04590807}.Release|x86.ActiveCfg = Release|Any CPU
		{42B3B9D2-9D94-4767-8651-DCAA04590807}.Release|x86.Build.0 = Release|Any CPU
		{42B3B9D2-9D94-4767-8651-DCAA04590807}.Release|x86.Deploy.0 = Release|Any CPU
		{005A1A0E-A4A4-44A5-9236-BC0908FD73A1}.Ad-Hoc|Any CPU.ActiveCfg = Release|x86
		{005A1A0E-A4A4-44A5-9236-BC0908FD73A1}.Ad-Hoc|Any CPU.Build.0 = Release|x86
		{005A1A0E-A4A4-44A5-9236-BC0908FD73A1}.Ad-Hoc|Any CPU.Deploy.0 = Release|x86
		{005A1A0E-A4A4-44A5-9236-BC0908FD73A1}.Ad-Hoc|ARM.ActiveCfg = Release|ARM
		{005A1A0E-A4A4-44A5-9236-BC0908FD73A1}.Ad-Hoc|ARM.Build.0 = Release|ARM
		{005A1A0E-A4A4-44A5-9236-BC0908FD73A1}.Ad-Hoc|ARM.Deploy.0 = Release|ARM
		{005A1A0E-A4A4-44A5-9236-BC0908FD73A1}.Ad-Hoc|iPhone.ActiveCfg = Release|x86
		{005A1A0E-A4A4-44A5-9236-BC0908FD73A1}.Ad-Hoc|iPhone.Build.0 = Release|x86
		{005A1A0E-A4A4-44A5-9236-BC0908FD73A1}.Ad-Hoc|iPhone.Deploy.0 = Release|x86
		{005A1A0E-A4A4-44A5-9236-BC0908FD73A1}.Ad-Hoc|iPhoneSimulator.ActiveCfg = Release|x86
		{005A1A0E-A4A4-44A5-9236-BC0908FD73A1}.Ad-Hoc|iPhoneSimulator.Build.0 = Release|x86
		{005A1A0E-A4A4-44A5-9236-BC0908FD73A1}.Ad-Hoc|iPhoneSimulator.Deploy.0 = Release|x86
		{005A1A0E-A4A4-44A5-9236-BC0908FD73A1}.Ad-Hoc|Mixed Platforms.ActiveCfg = Release|x86
		{005A1A0E-A4A4-44A5-9236-BC0908FD73A1}.Ad-Hoc|Mixed Platforms.Build.0 = Release|x86
		{005A1A0E-A4A4-44A5-9236-BC0908FD73A1}.Ad-Hoc|Mixed Platforms.Deploy.0 = Release|x86
		{005A1A0E-A4A4-44A5-9236-BC0908FD73A1}.Ad-Hoc|x64.ActiveCfg = Release|x64
		{005A1A0E-A4A4-44A5-9236-BC0908FD73A1}.Ad-Hoc|x64.Build.0 = Release|x64
		{005A1A0E-A4A4-44A5-9236-BC0908FD73A1}.Ad-Hoc|x64.Deploy.0 = Release|x64
		{005A1A0E-A4A4-44A5-9236-BC0908FD73A1}.Ad-Hoc|x86.ActiveCfg = Release|x86
		{005A1A0E-A4A4-44A5-9236-BC0908FD73A1}.Ad-Hoc|x86.Build.0 = Release|x86
		{005A1A0E-A4A4-44A5-9236-BC0908FD73A1}.Ad-Hoc|x86.Deploy.0 = Release|x86
		{005A1A0E-A4A4-44A5-9236-BC0908FD73A1}.AppStore|Any CPU.ActiveCfg = Release|x86
		{005A1A0E-A4A4-44A5-9236-BC0908FD73A1}.AppStore|Any CPU.Build.0 = Release|x86
		{005A1A0E-A4A4-44A5-9236-BC0908FD73A1}.AppStore|Any CPU.Deploy.0 = Release|x86
		{005A1A0E-A4A4-44A5-9236-BC0908FD73A1}.AppStore|ARM.ActiveCfg = Release|ARM
		{005A1A0E-A4A4-44A5-9236-BC0908FD73A1}.AppStore|ARM.Build.0 = Release|ARM
		{005A1A0E-A4A4-44A5-9236-BC0908FD73A1}.AppStore|ARM.Deploy.0 = Release|ARM
		{005A1A0E-A4A4-44A5-9236-BC0908FD73A1}.AppStore|iPhone.ActiveCfg = Release|x86
		{005A1A0E-A4A4-44A5-9236-BC0908FD73A1}.AppStore|iPhone.Build.0 = Release|x86
		{005A1A0E-A4A4-44A5-9236-BC0908FD73A1}.AppStore|iPhone.Deploy.0 = Release|x86
		{005A1A0E-A4A4-44A5-9236-BC0908FD73A1}.AppStore|iPhoneSimulator.ActiveCfg = Release|x86
		{005A1A0E-A4A4-44A5-9236-BC0908FD73A1}.AppStore|iPhoneSimulator.Build.0 = Release|x86
		{005A1A0E-A4A4-44A5-9236-BC0908FD73A1}.AppStore|iPhoneSimulator.Deploy.0 = Release|x86
		{005A1A0E-A4A4-44A5-9236-BC0908FD73A1}.AppStore|Mixed Platforms.ActiveCfg = Release|x86
		{005A1A0E-A4A4-44A5-9236-BC0908FD73A1}.AppStore|Mixed Platforms.Build.0 = Release|x86
		{005A1A0E-A4A4-44A5-9236-BC0908FD73A1}.AppStore|Mixed Platforms.Deploy.0 = Release|x86
		{005A1A0E-A4A4-44A5-9236-BC0908FD73A1}.AppStore|x64.ActiveCfg = Release|x64
		{005A1A0E-A4A4-44A5-9236-BC0908FD73A1}.AppStore|x64.Build.0 = Release|x64
		{005A1A0E-A4A4-44A5-9236-BC0908FD73A1}.AppStore|x64.Deploy.0 = Release|x64
		{005A1A0E-A4A4-44A5-9236-BC0908FD73A1}.AppStore|x86.ActiveCfg = Release|x86
		{005A1A0E-A4A4-44A5-9236-BC0908FD73A1}.AppStore|x86.Build.0 = Release|x86
		{005A1A0E-A4A4-44A5-9236-BC0908FD73A1}.AppStore|x86.Deploy.0 = Release|x86
		{005A1A0E-A4A4-44A5-9236-BC0908FD73A1}.Debug|Any CPU.ActiveCfg = Debug|x86
		{005A1A0E-A4A4-44A5-9236-BC0908FD73A1}.Debug|ARM.ActiveCfg = Debug|ARM
		{005A1A0E-A4A4-44A5-9236-BC0908FD73A1}.Debug|ARM.Build.0 = Debug|ARM
		{005A1A0E-A4A4-44A5-9236-BC0908FD73A1}.Debug|ARM.Deploy.0 = Debug|ARM
		{005A1A0E-A4A4-44A5-9236-BC0908FD73A1}.Debug|iPhone.ActiveCfg = Debug|x86
		{005A1A0E-A4A4-44A5-9236-BC0908FD73A1}.Debug|iPhoneSimulator.ActiveCfg = Debug|x86
		{005A1A0E-A4A4-44A5-9236-BC0908FD73A1}.Debug|Mixed Platforms.ActiveCfg = Debug|x86
		{005A1A0E-A4A4-44A5-9236-BC0908FD73A1}.Debug|Mixed Platforms.Build.0 = Debug|x86
		{005A1A0E-A4A4-44A5-9236-BC0908FD73A1}.Debug|Mixed Platforms.Deploy.0 = Debug|x86
		{005A1A0E-A4A4-44A5-9236-BC0908FD73A1}.Debug|x64.ActiveCfg = Debug|x64
		{005A1A0E-A4A4-44A5-9236-BC0908FD73A1}.Debug|x64.Build.0 = Debug|x64
		{005A1A0E-A4A4-44A5-9236-BC0908FD73A1}.Debug|x64.Deploy.0 = Debug|x64
		{005A1A0E-A4A4-44A5-9236-BC0908FD73A1}.Debug|x86.ActiveCfg = Debug|x86
		{005A1A0E-A4A4-44A5-9236-BC0908FD73A1}.Debug|x86.Build.0 = Debug|x86
		{005A1A0E-A4A4-44A5-9236-BC0908FD73A1}.Debug|x86.Deploy.0 = Debug|x86
		{005A1A0E-A4A4-44A5-9236-BC0908FD73A1}.Release|Any CPU.ActiveCfg = Release|x86
		{005A1A0E-A4A4-44A5-9236-BC0908FD73A1}.Release|ARM.ActiveCfg = Release|ARM
		{005A1A0E-A4A4-44A5-9236-BC0908FD73A1}.Release|ARM.Build.0 = Release|ARM
		{005A1A0E-A4A4-44A5-9236-BC0908FD73A1}.Release|ARM.Deploy.0 = Release|ARM
		{005A1A0E-A4A4-44A5-9236-BC0908FD73A1}.Release|iPhone.ActiveCfg = Release|x86
		{005A1A0E-A4A4-44A5-9236-BC0908FD73A1}.Release|iPhoneSimulator.ActiveCfg = Release|x86
		{005A1A0E-A4A4-44A5-9236-BC0908FD73A1}.Release|Mixed Platforms.ActiveCfg = Release|x86
		{005A1A0E-A4A4-44A5-9236-BC0908FD73A1}.Release|Mixed Platforms.Build.0 = Release|x86
		{005A1A0E-A4A4-44A5-9236-BC0908FD73A1}.Release|Mixed Platforms.Deploy.0 = Release|x86
		{005A1A0E-A4A4-44A5-9236-BC0908FD73A1}.Release|x64.ActiveCfg = Release|x64
		{005A1A0E-A4A4-44A5-9236-BC0908FD73A1}.Release|x64.Build.0 = Release|x64
		{005A1A0E-A4A4-44A5-9236-BC0908FD73A1}.Release|x64.Deploy.0 = Release|x64
		{005A1A0E-A4A4-44A5-9236-BC0908FD73A1}.Release|x86.ActiveCfg = Release|x86
		{005A1A0E-A4A4-44A5-9236-BC0908FD73A1}.Release|x86.Build.0 = Release|x86
		{005A1A0E-A4A4-44A5-9236-BC0908FD73A1}.Release|x86.Deploy.0 = Release|x86
		{9E6CEAD7-C953-492B-A2DA-F02A93BE3788}.Ad-Hoc|Any CPU.ActiveCfg = Ad-Hoc|iPhone
		{9E6CEAD7-C953-492B-A2DA-F02A93BE3788}.Ad-Hoc|ARM.ActiveCfg = Ad-Hoc|iPhone
		{9E6CEAD7-C953-492B-A2DA-F02A93BE3788}.Ad-Hoc|iPhone.ActiveCfg = Ad-Hoc|iPhone
		{9E6CEAD7-C953-492B-A2DA-F02A93BE3788}.Ad-Hoc|iPhone.Build.0 = Ad-Hoc|iPhone
		{9E6CEAD7-C953-492B-A2DA-F02A93BE3788}.Ad-Hoc|iPhoneSimulator.ActiveCfg = Ad-Hoc|iPhoneSimulator
		{9E6CEAD7-C953-492B-A2DA-F02A93BE3788}.Ad-Hoc|iPhoneSimulator.Build.0 = Ad-Hoc|iPhoneSimulator
		{9E6CEAD7-C953-492B-A2DA-F02A93BE3788}.Ad-Hoc|Mixed Platforms.ActiveCfg = Ad-Hoc|iPhone
		{9E6CEAD7-C953-492B-A2DA-F02A93BE3788}.Ad-Hoc|Mixed Platforms.Build.0 = Ad-Hoc|iPhone
		{9E6CEAD7-C953-492B-A2DA-F02A93BE3788}.Ad-Hoc|x64.ActiveCfg = Ad-Hoc|iPhone
		{9E6CEAD7-C953-492B-A2DA-F02A93BE3788}.Ad-Hoc|x86.ActiveCfg = Ad-Hoc|iPhone
		{9E6CEAD7-C953-492B-A2DA-F02A93BE3788}.AppStore|Any CPU.ActiveCfg = AppStore|iPhone
		{9E6CEAD7-C953-492B-A2DA-F02A93BE3788}.AppStore|ARM.ActiveCfg = AppStore|iPhone
		{9E6CEAD7-C953-492B-A2DA-F02A93BE3788}.AppStore|iPhone.ActiveCfg = AppStore|iPhone
		{9E6CEAD7-C953-492B-A2DA-F02A93BE3788}.AppStore|iPhone.Build.0 = AppStore|iPhone
		{9E6CEAD7-C953-492B-A2DA-F02A93BE3788}.AppStore|iPhoneSimulator.ActiveCfg = AppStore|iPhoneSimulator
		{9E6CEAD7-C953-492B-A2DA-F02A93BE3788}.AppStore|iPhoneSimulator.Build.0 = AppStore|iPhoneSimulator
		{9E6CEAD7-C953-492B-A2DA-F02A93BE3788}.AppStore|Mixed Platforms.ActiveCfg = AppStore|iPhone
		{9E6CEAD7-C953-492B-A2DA-F02A93BE3788}.AppStore|Mixed Platforms.Build.0 = AppStore|iPhone
		{9E6CEAD7-C953-492B-A2DA-F02A93BE3788}.AppStore|x64.ActiveCfg = AppStore|iPhone
		{9E6CEAD7-C953-492B-A2DA-F02A93BE3788}.AppStore|x86.ActiveCfg = AppStore|iPhone
		{9E6CEAD7-C953-492B-A2DA-F02A93BE3788}.Debug|Any CPU.ActiveCfg = Debug|iPhone
		{9E6CEAD7-C953-492B-A2DA-F02A93BE3788}.Debug|ARM.ActiveCfg = Debug|iPhone
		{9E6CEAD7-C953-492B-A2DA-F02A93BE3788}.Debug|iPhone.ActiveCfg = Debug|iPhone
		{9E6CEAD7-C953-492B-A2DA-F02A93BE3788}.Debug|iPhone.Build.0 = Debug|iPhone
		{9E6CEAD7-C953-492B-A2DA-F02A93BE3788}.Debug|iPhoneSimulator.ActiveCfg = Debug|iPhoneSimulator
		{9E6CEAD7-C953-492B-A2DA-F02A93BE3788}.Debug|iPhoneSimulator.Build.0 = Debug|iPhoneSimulator
		{9E6CEAD7-C953-492B-A2DA-F02A93BE3788}.Debug|Mixed Platforms.ActiveCfg = Debug|iPhone
		{9E6CEAD7-C953-492B-A2DA-F02A93BE3788}.Debug|Mixed Platforms.Build.0 = Debug|iPhone
		{9E6CEAD7-C953-492B-A2DA-F02A93BE3788}.Debug|x64.ActiveCfg = Debug|iPhone
		{9E6CEAD7-C953-492B-A2DA-F02A93BE3788}.Debug|x86.ActiveCfg = Debug|iPhone
		{9E6CEAD7-C953-492B-A2DA-F02A93BE3788}.Debug|x86.Build.0 = Debug|iPhone
		{9E6CEAD7-C953-492B-A2DA-F02A93BE3788}.Release|Any CPU.ActiveCfg = Release|iPhone
		{9E6CEAD7-C953-492B-A2DA-F02A93BE3788}.Release|ARM.ActiveCfg = Release|iPhone
		{9E6CEAD7-C953-492B-A2DA-F02A93BE3788}.Release|iPhone.ActiveCfg = Release|iPhone
		{9E6CEAD7-C953-492B-A2DA-F02A93BE3788}.Release|iPhone.Build.0 = Release|iPhone
		{9E6CEAD7-C953-492B-A2DA-F02A93BE3788}.Release|iPhoneSimulator.ActiveCfg = Release|iPhoneSimulator
		{9E6CEAD7-C953-492B-A2DA-F02A93BE3788}.Release|iPhoneSimulator.Build.0 = Release|iPhoneSimulator
		{9E6CEAD7-C953-492B-A2DA-F02A93BE3788}.Release|Mixed Platforms.ActiveCfg = Release|iPhone
		{9E6CEAD7-C953-492B-A2DA-F02A93BE3788}.Release|Mixed Platforms.Build.0 = Release|iPhone
		{9E6CEAD7-C953-492B-A2DA-F02A93BE3788}.Release|x64.ActiveCfg = Release|iPhone
		{9E6CEAD7-C953-492B-A2DA-F02A93BE3788}.Release|x86.ActiveCfg = Release|iPhone
		{9E6CEAD7-C953-492B-A2DA-F02A93BE3788}.Release|x86.Build.0 = Release|iPhone
		{401081B6-D2B1-4A73-955C-D163304F50D3}.Ad-Hoc|Any CPU.ActiveCfg = Debug|Any CPU
		{401081B6-D2B1-4A73-955C-D163304F50D3}.Ad-Hoc|Any CPU.Build.0 = Debug|Any CPU
		{401081B6-D2B1-4A73-955C-D163304F50D3}.Ad-Hoc|ARM.ActiveCfg = Debug|Any CPU
		{401081B6-D2B1-4A73-955C-D163304F50D3}.Ad-Hoc|ARM.Build.0 = Debug|Any CPU
		{401081B6-D2B1-4A73-955C-D163304F50D3}.Ad-Hoc|iPhone.ActiveCfg = Debug|Any CPU
		{401081B6-D2B1-4A73-955C-D163304F50D3}.Ad-Hoc|iPhone.Build.0 = Debug|Any CPU
		{401081B6-D2B1-4A73-955C-D163304F50D3}.Ad-Hoc|iPhoneSimulator.ActiveCfg = Debug|Any CPU
		{401081B6-D2B1-4A73-955C-D163304F50D3}.Ad-Hoc|iPhoneSimulator.Build.0 = Debug|Any CPU
		{401081B6-D2B1-4A73-955C-D163304F50D3}.Ad-Hoc|Mixed Platforms.ActiveCfg = Debug|Any CPU
		{401081B6-D2B1-4A73-955C-D163304F50D3}.Ad-Hoc|Mixed Platforms.Build.0 = Debug|Any CPU
		{401081B6-D2B1-4A73-955C-D163304F50D3}.Ad-Hoc|x64.ActiveCfg = Debug|Any CPU
		{401081B6-D2B1-4A73-955C-D163304F50D3}.Ad-Hoc|x64.Build.0 = Debug|Any CPU
		{401081B6-D2B1-4A73-955C-D163304F50D3}.Ad-Hoc|x86.ActiveCfg = Debug|Any CPU
		{401081B6-D2B1-4A73-955C-D163304F50D3}.Ad-Hoc|x86.Build.0 = Debug|Any CPU
		{401081B6-D2B1-4A73-955C-D163304F50D3}.AppStore|Any CPU.ActiveCfg = Debug|Any CPU
		{401081B6-D2B1-4A73-955C-D163304F50D3}.AppStore|Any CPU.Build.0 = Debug|Any CPU
		{401081B6-D2B1-4A73-955C-D163304F50D3}.AppStore|ARM.ActiveCfg = Debug|Any CPU
		{401081B6-D2B1-4A73-955C-D163304F50D3}.AppStore|ARM.Build.0 = Debug|Any CPU
		{401081B6-D2B1-4A73-955C-D163304F50D3}.AppStore|iPhone.ActiveCfg = Debug|Any CPU
		{401081B6-D2B1-4A73-955C-D163304F50D3}.AppStore|iPhone.Build.0 = Debug|Any CPU
		{401081B6-D2B1-4A73-955C-D163304F50D3}.AppStore|iPhoneSimulator.ActiveCfg = Debug|Any CPU
		{401081B6-D2B1-4A73-955C-D163304F50D3}.AppStore|iPhoneSimulator.Build.0 = Debug|Any CPU
		{401081B6-D2B1-4A73-955C-D163304F50D3}.AppStore|Mixed Platforms.ActiveCfg = Debug|Any CPU
		{401081B6-D2B1-4A73-955C-D163304F50D3}.AppStore|Mixed Platforms.Build.0 = Debug|Any CPU
		{401081B6-D2B1-4A73-955C-D163304F50D3}.AppStore|x64.ActiveCfg = Debug|Any CPU
		{401081B6-D2B1-4A73-955C-D163304F50D3}.AppStore|x64.Build.0 = Debug|Any CPU
		{401081B6-D2B1-4A73-955C-D163304F50D3}.AppStore|x86.ActiveCfg = Debug|Any CPU
		{401081B6-D2B1-4A73-955C-D163304F50D3}.AppStore|x86.Build.0 = Debug|Any CPU
		{401081B6-D2B1-4A73-955C-D163304F50D3}.Debug|Any CPU.ActiveCfg = Debug|Any CPU
		{401081B6-D2B1-4A73-955C-D163304F50D3}.Debug|Any CPU.Build.0 = Debug|Any CPU
		{401081B6-D2B1-4A73-955C-D163304F50D3}.Debug|ARM.ActiveCfg = Debug|Any CPU
		{401081B6-D2B1-4A73-955C-D163304F50D3}.Debug|ARM.Build.0 = Debug|Any CPU
		{401081B6-D2B1-4A73-955C-D163304F50D3}.Debug|iPhone.ActiveCfg = Debug|Any CPU
		{401081B6-D2B1-4A73-955C-D163304F50D3}.Debug|iPhone.Build.0 = Debug|Any CPU
		{401081B6-D2B1-4A73-955C-D163304F50D3}.Debug|iPhoneSimulator.ActiveCfg = Debug|Any CPU
		{401081B6-D2B1-4A73-955C-D163304F50D3}.Debug|iPhoneSimulator.Build.0 = Debug|Any CPU
		{401081B6-D2B1-4A73-955C-D163304F50D3}.Debug|Mixed Platforms.ActiveCfg = Debug|Any CPU
		{401081B6-D2B1-4A73-955C-D163304F50D3}.Debug|Mixed Platforms.Build.0 = Debug|Any CPU
		{401081B6-D2B1-4A73-955C-D163304F50D3}.Debug|x64.ActiveCfg = Debug|Any CPU
		{401081B6-D2B1-4A73-955C-D163304F50D3}.Debug|x64.Build.0 = Debug|Any CPU
		{401081B6-D2B1-4A73-955C-D163304F50D3}.Debug|x86.ActiveCfg = Debug|Any CPU
		{401081B6-D2B1-4A73-955C-D163304F50D3}.Debug|x86.Build.0 = Debug|Any CPU
		{401081B6-D2B1-4A73-955C-D163304F50D3}.Release|Any CPU.ActiveCfg = Release|Any CPU
		{401081B6-D2B1-4A73-955C-D163304F50D3}.Release|Any CPU.Build.0 = Release|Any CPU
		{401081B6-D2B1-4A73-955C-D163304F50D3}.Release|ARM.ActiveCfg = Release|Any CPU
		{401081B6-D2B1-4A73-955C-D163304F50D3}.Release|ARM.Build.0 = Release|Any CPU
		{401081B6-D2B1-4A73-955C-D163304F50D3}.Release|iPhone.ActiveCfg = Release|Any CPU
		{401081B6-D2B1-4A73-955C-D163304F50D3}.Release|iPhone.Build.0 = Release|Any CPU
		{401081B6-D2B1-4A73-955C-D163304F50D3}.Release|iPhoneSimulator.ActiveCfg = Release|Any CPU
		{401081B6-D2B1-4A73-955C-D163304F50D3}.Release|iPhoneSimulator.Build.0 = Release|Any CPU
		{401081B6-D2B1-4A73-955C-D163304F50D3}.Release|Mixed Platforms.ActiveCfg = Release|Any CPU
		{401081B6-D2B1-4A73-955C-D163304F50D3}.Release|Mixed Platforms.Build.0 = Release|Any CPU
		{401081B6-D2B1-4A73-955C-D163304F50D3}.Release|x64.ActiveCfg = Release|Any CPU
		{401081B6-D2B1-4A73-955C-D163304F50D3}.Release|x64.Build.0 = Release|Any CPU
		{401081B6-D2B1-4A73-955C-D163304F50D3}.Release|x86.ActiveCfg = Release|Any CPU
		{401081B6-D2B1-4A73-955C-D163304F50D3}.Release|x86.Build.0 = Release|Any CPU
		{401081B6-D255-4A73-E55C-D163304F50D3}.Ad-Hoc|Any CPU.ActiveCfg = Debug|Any CPU
		{401081B6-D255-4A73-E55C-D163304F50D3}.Ad-Hoc|Any CPU.Build.0 = Debug|Any CPU
		{401081B6-D255-4A73-E55C-D163304F50D3}.Ad-Hoc|ARM.ActiveCfg = Debug|Any CPU
		{401081B6-D255-4A73-E55C-D163304F50D3}.Ad-Hoc|ARM.Build.0 = Debug|Any CPU
		{401081B6-D255-4A73-E55C-D163304F50D3}.Ad-Hoc|iPhone.ActiveCfg = Debug|Any CPU
		{401081B6-D255-4A73-E55C-D163304F50D3}.Ad-Hoc|iPhone.Build.0 = Debug|Any CPU
		{401081B6-D255-4A73-E55C-D163304F50D3}.Ad-Hoc|iPhoneSimulator.ActiveCfg = Debug|Any CPU
		{401081B6-D255-4A73-E55C-D163304F50D3}.Ad-Hoc|iPhoneSimulator.Build.0 = Debug|Any CPU
		{401081B6-D255-4A73-E55C-D163304F50D3}.Ad-Hoc|Mixed Platforms.ActiveCfg = Debug|Any CPU
		{401081B6-D255-4A73-E55C-D163304F50D3}.Ad-Hoc|Mixed Platforms.Build.0 = Debug|Any CPU
		{401081B6-D255-4A73-E55C-D163304F50D3}.Ad-Hoc|x64.ActiveCfg = Debug|Any CPU
		{401081B6-D255-4A73-E55C-D163304F50D3}.Ad-Hoc|x64.Build.0 = Debug|Any CPU
		{401081B6-D255-4A73-E55C-D163304F50D3}.Ad-Hoc|x86.ActiveCfg = Debug|Any CPU
		{401081B6-D255-4A73-E55C-D163304F50D3}.Ad-Hoc|x86.Build.0 = Debug|Any CPU
		{401081B6-D255-4A73-E55C-D163304F50D3}.AppStore|Any CPU.ActiveCfg = Debug|Any CPU
		{401081B6-D255-4A73-E55C-D163304F50D3}.AppStore|Any CPU.Build.0 = Debug|Any CPU
		{401081B6-D255-4A73-E55C-D163304F50D3}.AppStore|ARM.ActiveCfg = Debug|Any CPU
		{401081B6-D255-4A73-E55C-D163304F50D3}.AppStore|ARM.Build.0 = Debug|Any CPU
		{401081B6-D255-4A73-E55C-D163304F50D3}.AppStore|iPhone.ActiveCfg = Debug|Any CPU
		{401081B6-D255-4A73-E55C-D163304F50D3}.AppStore|iPhone.Build.0 = Debug|Any CPU
		{401081B6-D255-4A73-E55C-D163304F50D3}.AppStore|iPhoneSimulator.ActiveCfg = Debug|Any CPU
		{401081B6-D255-4A73-E55C-D163304F50D3}.AppStore|iPhoneSimulator.Build.0 = Debug|Any CPU
		{401081B6-D255-4A73-E55C-D163304F50D3}.AppStore|Mixed Platforms.ActiveCfg = Debug|Any CPU
		{401081B6-D255-4A73-E55C-D163304F50D3}.AppStore|Mixed Platforms.Build.0 = Debug|Any CPU
		{401081B6-D255-4A73-E55C-D163304F50D3}.AppStore|x64.ActiveCfg = Debug|Any CPU
		{401081B6-D255-4A73-E55C-D163304F50D3}.AppStore|x64.Build.0 = Debug|Any CPU
		{401081B6-D255-4A73-E55C-D163304F50D3}.AppStore|x86.ActiveCfg = Debug|Any CPU
		{401081B6-D255-4A73-E55C-D163304F50D3}.AppStore|x86.Build.0 = Debug|Any CPU
		{401081B6-D255-4A73-E55C-D163304F50D3}.Debug|Any CPU.ActiveCfg = Debug|Any CPU
		{401081B6-D255-4A73-E55C-D163304F50D3}.Debug|Any CPU.Build.0 = Debug|Any CPU
		{401081B6-D255-4A73-E55C-D163304F50D3}.Debug|ARM.ActiveCfg = Debug|Any CPU
		{401081B6-D255-4A73-E55C-D163304F50D3}.Debug|ARM.Build.0 = Debug|Any CPU
		{401081B6-D255-4A73-E55C-D163304F50D3}.Debug|iPhone.ActiveCfg = Debug|Any CPU
		{401081B6-D255-4A73-E55C-D163304F50D3}.Debug|iPhone.Build.0 = Debug|Any CPU
		{401081B6-D255-4A73-E55C-D163304F50D3}.Debug|iPhoneSimulator.ActiveCfg = Debug|Any CPU
		{401081B6-D255-4A73-E55C-D163304F50D3}.Debug|iPhoneSimulator.Build.0 = Debug|Any CPU
		{401081B6-D255-4A73-E55C-D163304F50D3}.Debug|Mixed Platforms.ActiveCfg = Debug|Any CPU
		{401081B6-D255-4A73-E55C-D163304F50D3}.Debug|Mixed Platforms.Build.0 = Debug|Any CPU
		{401081B6-D255-4A73-E55C-D163304F50D3}.Debug|x64.ActiveCfg = Debug|Any CPU
		{401081B6-D255-4A73-E55C-D163304F50D3}.Debug|x64.Build.0 = Debug|Any CPU
		{401081B6-D255-4A73-E55C-D163304F50D3}.Debug|x86.ActiveCfg = Debug|Any CPU
		{401081B6-D255-4A73-E55C-D163304F50D3}.Debug|x86.Build.0 = Debug|Any CPU
		{401081B6-D255-4A73-E55C-D163304F50D3}.Release|Any CPU.ActiveCfg = Release|Any CPU
		{401081B6-D255-4A73-E55C-D163304F50D3}.Release|Any CPU.Build.0 = Release|Any CPU
		{401081B6-D255-4A73-E55C-D163304F50D3}.Release|ARM.ActiveCfg = Release|Any CPU
		{401081B6-D255-4A73-E55C-D163304F50D3}.Release|ARM.Build.0 = Release|Any CPU
		{401081B6-D255-4A73-E55C-D163304F50D3}.Release|iPhone.ActiveCfg = Release|Any CPU
		{401081B6-D255-4A73-E55C-D163304F50D3}.Release|iPhone.Build.0 = Release|Any CPU
		{401081B6-D255-4A73-E55C-D163304F50D3}.Release|iPhoneSimulator.ActiveCfg = Release|Any CPU
		{401081B6-D255-4A73-E55C-D163304F50D3}.Release|iPhoneSimulator.Build.0 = Release|Any CPU
		{401081B6-D255-4A73-E55C-D163304F50D3}.Release|Mixed Platforms.ActiveCfg = Release|Any CPU
		{401081B6-D255-4A73-E55C-D163304F50D3}.Release|Mixed Platforms.Build.0 = Release|Any CPU
		{401081B6-D255-4A73-E55C-D163304F50D3}.Release|x64.ActiveCfg = Release|Any CPU
		{401081B6-D255-4A73-E55C-D163304F50D3}.Release|x64.Build.0 = Release|Any CPU
		{401081B6-D255-4A73-E55C-D163304F50D3}.Release|x86.ActiveCfg = Release|Any CPU
		{401081B6-D255-4A73-E55C-D163304F50D3}.Release|x86.Build.0 = Release|Any CPU
		{401081B6-D3E3-8D73-E55C-A163409F54D3}.Ad-Hoc|Any CPU.ActiveCfg = Debug|Any CPU
		{401081B6-D3E3-8D73-E55C-A163409F54D3}.Ad-Hoc|Any CPU.Build.0 = Debug|Any CPU
		{401081B6-D3E3-8D73-E55C-A163409F54D3}.Ad-Hoc|ARM.ActiveCfg = Debug|Any CPU
		{401081B6-D3E3-8D73-E55C-A163409F54D3}.Ad-Hoc|ARM.Build.0 = Debug|Any CPU
		{401081B6-D3E3-8D73-E55C-A163409F54D3}.Ad-Hoc|iPhone.ActiveCfg = Debug|Any CPU
		{401081B6-D3E3-8D73-E55C-A163409F54D3}.Ad-Hoc|iPhone.Build.0 = Debug|Any CPU
		{401081B6-D3E3-8D73-E55C-A163409F54D3}.Ad-Hoc|iPhoneSimulator.ActiveCfg = Debug|Any CPU
		{401081B6-D3E3-8D73-E55C-A163409F54D3}.Ad-Hoc|iPhoneSimulator.Build.0 = Debug|Any CPU
		{401081B6-D3E3-8D73-E55C-A163409F54D3}.Ad-Hoc|Mixed Platforms.ActiveCfg = Debug|Any CPU
		{401081B6-D3E3-8D73-E55C-A163409F54D3}.Ad-Hoc|Mixed Platforms.Build.0 = Debug|Any CPU
		{401081B6-D3E3-8D73-E55C-A163409F54D3}.Ad-Hoc|x64.ActiveCfg = Debug|Any CPU
		{401081B6-D3E3-8D73-E55C-A163409F54D3}.Ad-Hoc|x64.Build.0 = Debug|Any CPU
		{401081B6-D3E3-8D73-E55C-A163409F54D3}.Ad-Hoc|x86.ActiveCfg = Debug|Any CPU
		{401081B6-D3E3-8D73-E55C-A163409F54D3}.Ad-Hoc|x86.Build.0 = Debug|Any CPU
		{401081B6-D3E3-8D73-E55C-A163409F54D3}.AppStore|Any CPU.ActiveCfg = Debug|Any CPU
		{401081B6-D3E3-8D73-E55C-A163409F54D3}.AppStore|Any CPU.Build.0 = Debug|Any CPU
		{401081B6-D3E3-8D73-E55C-A163409F54D3}.AppStore|ARM.ActiveCfg = Debug|Any CPU
		{401081B6-D3E3-8D73-E55C-A163409F54D3}.AppStore|ARM.Build.0 = Debug|Any CPU
		{401081B6-D3E3-8D73-E55C-A163409F54D3}.AppStore|iPhone.ActiveCfg = Debug|Any CPU
		{401081B6-D3E3-8D73-E55C-A163409F54D3}.AppStore|iPhone.Build.0 = Debug|Any CPU
		{401081B6-D3E3-8D73-E55C-A163409F54D3}.AppStore|iPhoneSimulator.ActiveCfg = Debug|Any CPU
		{401081B6-D3E3-8D73-E55C-A163409F54D3}.AppStore|iPhoneSimulator.Build.0 = Debug|Any CPU
		{401081B6-D3E3-8D73-E55C-A163409F54D3}.AppStore|Mixed Platforms.ActiveCfg = Debug|Any CPU
		{401081B6-D3E3-8D73-E55C-A163409F54D3}.AppStore|Mixed Platforms.Build.0 = Debug|Any CPU
		{401081B6-D3E3-8D73-E55C-A163409F54D3}.AppStore|x64.ActiveCfg = Debug|Any CPU
		{401081B6-D3E3-8D73-E55C-A163409F54D3}.AppStore|x64.Build.0 = Debug|Any CPU
		{401081B6-D3E3-8D73-E55C-A163409F54D3}.AppStore|x86.ActiveCfg = Debug|Any CPU
		{401081B6-D3E3-8D73-E55C-A163409F54D3}.AppStore|x86.Build.0 = Debug|Any CPU
		{401081B6-D3E3-8D73-E55C-A163409F54D3}.Debug|Any CPU.ActiveCfg = Debug|Any CPU
		{401081B6-D3E3-8D73-E55C-A163409F54D3}.Debug|Any CPU.Build.0 = Debug|Any CPU
		{401081B6-D3E3-8D73-E55C-A163409F54D3}.Debug|ARM.ActiveCfg = Debug|Any CPU
		{401081B6-D3E3-8D73-E55C-A163409F54D3}.Debug|ARM.Build.0 = Debug|Any CPU
		{401081B6-D3E3-8D73-E55C-A163409F54D3}.Debug|iPhone.ActiveCfg = Debug|Any CPU
		{401081B6-D3E3-8D73-E55C-A163409F54D3}.Debug|iPhone.Build.0 = Debug|Any CPU
		{401081B6-D3E3-8D73-E55C-A163409F54D3}.Debug|iPhoneSimulator.ActiveCfg = Debug|Any CPU
		{401081B6-D3E3-8D73-E55C-A163409F54D3}.Debug|iPhoneSimulator.Build.0 = Debug|Any CPU
		{401081B6-D3E3-8D73-E55C-A163409F54D3}.Debug|Mixed Platforms.ActiveCfg = Debug|Any CPU
		{401081B6-D3E3-8D73-E55C-A163409F54D3}.Debug|Mixed Platforms.Build.0 = Debug|Any CPU
		{401081B6-D3E3-8D73-E55C-A163409F54D3}.Debug|x64.ActiveCfg = Debug|Any CPU
		{401081B6-D3E3-8D73-E55C-A163409F54D3}.Debug|x64.Build.0 = Debug|Any CPU
		{401081B6-D3E3-8D73-E55C-A163409F54D3}.Debug|x86.ActiveCfg = Debug|Any CPU
		{401081B6-D3E3-8D73-E55C-A163409F54D3}.Debug|x86.Build.0 = Debug|Any CPU
		{401081B6-D3E3-8D73-E55C-A163409F54D3}.Release|Any CPU.ActiveCfg = Release|Any CPU
		{401081B6-D3E3-8D73-E55C-A163409F54D3}.Release|Any CPU.Build.0 = Release|Any CPU
		{401081B6-D3E3-8D73-E55C-A163409F54D3}.Release|ARM.ActiveCfg = Release|Any CPU
		{401081B6-D3E3-8D73-E55C-A163409F54D3}.Release|ARM.Build.0 = Release|Any CPU
		{401081B6-D3E3-8D73-E55C-A163409F54D3}.Release|iPhone.ActiveCfg = Release|Any CPU
		{401081B6-D3E3-8D73-E55C-A163409F54D3}.Release|iPhone.Build.0 = Release|Any CPU
		{401081B6-D3E3-8D73-E55C-A163409F54D3}.Release|iPhoneSimulator.ActiveCfg = Release|Any CPU
		{401081B6-D3E3-8D73-E55C-A163409F54D3}.Release|iPhoneSimulator.Build.0 = Release|Any CPU
		{401081B6-D3E3-8D73-E55C-A163409F54D3}.Release|Mixed Platforms.ActiveCfg = Release|Any CPU
		{401081B6-D3E3-8D73-E55C-A163409F54D3}.Release|Mixed Platforms.Build.0 = Release|Any CPU
		{401081B6-D3E3-8D73-E55C-A163409F54D3}.Release|x64.ActiveCfg = Release|Any CPU
		{401081B6-D3E3-8D73-E55C-A163409F54D3}.Release|x64.Build.0 = Release|Any CPU
		{401081B6-D3E3-8D73-E55C-A163409F54D3}.Release|x86.ActiveCfg = Release|Any CPU
		{401081B6-D3E3-8D73-E55C-A163409F54D3}.Release|x86.Build.0 = Release|Any CPU
		{401081B6-D353-8A73-E55C-D163309F50D3}.Ad-Hoc|Any CPU.ActiveCfg = Debug|Any CPU
		{401081B6-D353-8A73-E55C-D163309F50D3}.Ad-Hoc|Any CPU.Build.0 = Debug|Any CPU
		{401081B6-D353-8A73-E55C-D163309F50D3}.Ad-Hoc|ARM.ActiveCfg = Debug|Any CPU
		{401081B6-D353-8A73-E55C-D163309F50D3}.Ad-Hoc|ARM.Build.0 = Debug|Any CPU
		{401081B6-D353-8A73-E55C-D163309F50D3}.Ad-Hoc|iPhone.ActiveCfg = Debug|Any CPU
		{401081B6-D353-8A73-E55C-D163309F50D3}.Ad-Hoc|iPhone.Build.0 = Debug|Any CPU
		{401081B6-D353-8A73-E55C-D163309F50D3}.Ad-Hoc|iPhoneSimulator.ActiveCfg = Debug|Any CPU
		{401081B6-D353-8A73-E55C-D163309F50D3}.Ad-Hoc|iPhoneSimulator.Build.0 = Debug|Any CPU
		{401081B6-D353-8A73-E55C-D163309F50D3}.Ad-Hoc|Mixed Platforms.ActiveCfg = Debug|Any CPU
		{401081B6-D353-8A73-E55C-D163309F50D3}.Ad-Hoc|Mixed Platforms.Build.0 = Debug|Any CPU
		{401081B6-D353-8A73-E55C-D163309F50D3}.Ad-Hoc|x64.ActiveCfg = Debug|Any CPU
		{401081B6-D353-8A73-E55C-D163309F50D3}.Ad-Hoc|x64.Build.0 = Debug|Any CPU
		{401081B6-D353-8A73-E55C-D163309F50D3}.Ad-Hoc|x86.ActiveCfg = Debug|Any CPU
		{401081B6-D353-8A73-E55C-D163309F50D3}.Ad-Hoc|x86.Build.0 = Debug|Any CPU
		{401081B6-D353-8A73-E55C-D163309F50D3}.AppStore|Any CPU.ActiveCfg = Debug|Any CPU
		{401081B6-D353-8A73-E55C-D163309F50D3}.AppStore|Any CPU.Build.0 = Debug|Any CPU
		{401081B6-D353-8A73-E55C-D163309F50D3}.AppStore|ARM.ActiveCfg = Debug|Any CPU
		{401081B6-D353-8A73-E55C-D163309F50D3}.AppStore|ARM.Build.0 = Debug|Any CPU
		{401081B6-D353-8A73-E55C-D163309F50D3}.AppStore|iPhone.ActiveCfg = Debug|Any CPU
		{401081B6-D353-8A73-E55C-D163309F50D3}.AppStore|iPhone.Build.0 = Debug|Any CPU
		{401081B6-D353-8A73-E55C-D163309F50D3}.AppStore|iPhoneSimulator.ActiveCfg = Debug|Any CPU
		{401081B6-D353-8A73-E55C-D163309F50D3}.AppStore|iPhoneSimulator.Build.0 = Debug|Any CPU
		{401081B6-D353-8A73-E55C-D163309F50D3}.AppStore|Mixed Platforms.ActiveCfg = Debug|Any CPU
		{401081B6-D353-8A73-E55C-D163309F50D3}.AppStore|Mixed Platforms.Build.0 = Debug|Any CPU
		{401081B6-D353-8A73-E55C-D163309F50D3}.AppStore|x64.ActiveCfg = Debug|Any CPU
		{401081B6-D353-8A73-E55C-D163309F50D3}.AppStore|x64.Build.0 = Debug|Any CPU
		{401081B6-D353-8A73-E55C-D163309F50D3}.AppStore|x86.ActiveCfg = Debug|Any CPU
		{401081B6-D353-8A73-E55C-D163309F50D3}.AppStore|x86.Build.0 = Debug|Any CPU
		{401081B6-D353-8A73-E55C-D163309F50D3}.Debug|Any CPU.ActiveCfg = Debug|Any CPU
		{401081B6-D353-8A73-E55C-D163309F50D3}.Debug|Any CPU.Build.0 = Debug|Any CPU
		{401081B6-D353-8A73-E55C-D163309F50D3}.Debug|ARM.ActiveCfg = Debug|Any CPU
		{401081B6-D353-8A73-E55C-D163309F50D3}.Debug|ARM.Build.0 = Debug|Any CPU
		{401081B6-D353-8A73-E55C-D163309F50D3}.Debug|iPhone.ActiveCfg = Debug|Any CPU
		{401081B6-D353-8A73-E55C-D163309F50D3}.Debug|iPhone.Build.0 = Debug|Any CPU
		{401081B6-D353-8A73-E55C-D163309F50D3}.Debug|iPhoneSimulator.ActiveCfg = Debug|Any CPU
		{401081B6-D353-8A73-E55C-D163309F50D3}.Debug|iPhoneSimulator.Build.0 = Debug|Any CPU
		{401081B6-D353-8A73-E55C-D163309F50D3}.Debug|Mixed Platforms.ActiveCfg = Debug|Any CPU
		{401081B6-D353-8A73-E55C-D163309F50D3}.Debug|Mixed Platforms.Build.0 = Debug|Any CPU
		{401081B6-D353-8A73-E55C-D163309F50D3}.Debug|x64.ActiveCfg = Debug|Any CPU
		{401081B6-D353-8A73-E55C-D163309F50D3}.Debug|x64.Build.0 = Debug|Any CPU
		{401081B6-D353-8A73-E55C-D163309F50D3}.Debug|x86.ActiveCfg = Debug|Any CPU
		{401081B6-D353-8A73-E55C-D163309F50D3}.Debug|x86.Build.0 = Debug|Any CPU
		{401081B6-D353-8A73-E55C-D163309F50D3}.Release|Any CPU.ActiveCfg = Release|Any CPU
		{401081B6-D353-8A73-E55C-D163309F50D3}.Release|Any CPU.Build.0 = Release|Any CPU
		{401081B6-D353-8A73-E55C-D163309F50D3}.Release|ARM.ActiveCfg = Release|Any CPU
		{401081B6-D353-8A73-E55C-D163309F50D3}.Release|ARM.Build.0 = Release|Any CPU
		{401081B6-D353-8A73-E55C-D163309F50D3}.Release|iPhone.ActiveCfg = Release|Any CPU
		{401081B6-D353-8A73-E55C-D163309F50D3}.Release|iPhone.Build.0 = Release|Any CPU
		{401081B6-D353-8A73-E55C-D163309F50D3}.Release|iPhoneSimulator.ActiveCfg = Release|Any CPU
		{401081B6-D353-8A73-E55C-D163309F50D3}.Release|iPhoneSimulator.Build.0 = Release|Any CPU
		{401081B6-D353-8A73-E55C-D163309F50D3}.Release|Mixed Platforms.ActiveCfg = Release|Any CPU
		{401081B6-D353-8A73-E55C-D163309F50D3}.Release|Mixed Platforms.Build.0 = Release|Any CPU
		{401081B6-D353-8A73-E55C-D163309F50D3}.Release|x64.ActiveCfg = Release|Any CPU
		{401081B6-D353-8A73-E55C-D163309F50D3}.Release|x64.Build.0 = Release|Any CPU
		{401081B6-D353-8A73-E55C-D163309F50D3}.Release|x86.ActiveCfg = Release|Any CPU
		{401081B6-D353-8A73-E55C-D163309F50D3}.Release|x86.Build.0 = Release|Any CPU
	EndGlobalSection
	GlobalSection(SolutionProperties) = preSolution
		HideSolutionNode = FALSE
	EndGlobalSection
	GlobalSection(ExtensibilityGlobals) = postSolution
		SolutionGuid = {BE5981B8-C012-40F1-B347-F10B65C6AA9C}
	EndGlobalSection
	GlobalSection(MonoDevelopProperties) = preSolution
		StartupItem = MineSweeper\MineSweeper.Android\MineSweeper.Android.csproj
	EndGlobalSection
EndGlobal
